// !$*UTF8*$!
{
	archiveVersion = 1;
	classes = {
	};
	objectVersion = 46;
	objects = {

/* Begin PBXBuildFile section */
		DE3BE70F17D67344006345BC /* MyViewController7.xib in Resources */ = {isa = PBXBuildFile; fileRef = DE3BE70E17D67344006345BC /* MyViewController7.xib */; };
		DE52ACF617CE6D1000858FA4 /* main.m in Sources */ = {isa = PBXBuildFile; fileRef = DEE915A91722DE520085F570 /* main.m */; };
		DE52ACF717CE6D1000858FA4 /* AppDelegate.m in Sources */ = {isa = PBXBuildFile; fileRef = DEE915AD1722DE520085F570 /* AppDelegate.m */; };
		DE52ACF817CE6D1000858FA4 /* ViewController.m in Sources */ = {isa = PBXBuildFile; fileRef = DEE915B61722DE520085F570 /* ViewController.m */; };
		DE52ACF917CE6D1000858FA4 /* MyViewController.m in Sources */ = {isa = PBXBuildFile; fileRef = DEE915DA1722DEB20085F570 /* MyViewController.m */; };
		DE52ACFE17CE6D1000858FA4 /* UIKit.framework in Frameworks */ = {isa = PBXBuildFile; fileRef = DEE9159D1722DE520085F570 /* UIKit.framework */; };
		DE52ACFF17CE6D1000858FA4 /* Foundation.framework in Frameworks */ = {isa = PBXBuildFile; fileRef = DEE9159F1722DE520085F570 /* Foundation.framework */; };
		DE52AD0017CE6D1000858FA4 /* CoreGraphics.framework in Frameworks */ = {isa = PBXBuildFile; fileRef = DEE915A11722DE520085F570 /* CoreGraphics.framework */; };
		DE52AD0217CE6D1000858FA4 /* InfoPlist.strings in Resources */ = {isa = PBXBuildFile; fileRef = DEE915A61722DE520085F570 /* InfoPlist.strings */; };
		DE52AD0317CE6D1000858FA4 /* Default.png in Resources */ = {isa = PBXBuildFile; fileRef = DEE915AF1722DE520085F570 /* Default.png */; };
		DE52AD0417CE6D1000858FA4 /* Default@2x.png in Resources */ = {isa = PBXBuildFile; fileRef = DEE915B11722DE520085F570 /* Default@2x.png */; };
		DE52AD0517CE6D1000858FA4 /* Default-568h@2x.png in Resources */ = {isa = PBXBuildFile; fileRef = DEE915B31722DE520085F570 /* Default-568h@2x.png */; };
		DE52AD0817CE6D1000858FA4 /* LICENSE.md in Resources */ = {isa = PBXBuildFile; fileRef = DEE915F41722EF380085F570 /* LICENSE.md */; };
		DE52AD0917CE6D1000858FA4 /* README.md in Resources */ = {isa = PBXBuildFile; fileRef = DEE915F51722EF380085F570 /* README.md */; };
		DE5D470D17CE6F0D00CD0FD5 /* OperationsRunner7.m in Sources */ = {isa = PBXBuildFile; fileRef = DE5D470717CE6F0D00CD0FD5 /* OperationsRunner7.m */; };
		DE5D470E17CE6F0D00CD0FD5 /* URfetcher7.m in Sources */ = {isa = PBXBuildFile; fileRef = DE5D470A17CE6F0D00CD0FD5 /* URfetcher7.m */; };
		DE5D475917D0E3CB00CD0FD5 /* ORSessionDelegate.m in Sources */ = {isa = PBXBuildFile; fileRef = DE5D475817D0E3CB00CD0FD5 /* ORSessionDelegate.m */; };
		DE5D476317D12D6300CD0FD5 /* TestOperation.m in Sources */ = {isa = PBXBuildFile; fileRef = DE956F4F1729E2700026179D /* TestOperation.m */; };
		DE5D476417D12D6300CD0FD5 /* FECWF_Tests.m in Sources */ = {isa = PBXBuildFile; fileRef = DEE915CE1722DE520085F570 /* FECWF_Tests.m */; };
		DE5D476617D12D6300CD0FD5 /* SenTestingKit.framework in Frameworks */ = {isa = PBXBuildFile; fileRef = DEE915C11722DE520085F570 /* SenTestingKit.framework */; };
		DE5D476717D12D6300CD0FD5 /* UIKit.framework in Frameworks */ = {isa = PBXBuildFile; fileRef = DEE9159D1722DE520085F570 /* UIKit.framework */; };
		DE5D476817D12D6300CD0FD5 /* Foundation.framework in Frameworks */ = {isa = PBXBuildFile; fileRef = DEE9159F1722DE520085F570 /* Foundation.framework */; };
		DE5D476A17D12D6300CD0FD5 /* InfoPlist.strings in Resources */ = {isa = PBXBuildFile; fileRef = DEE915CA1722DE520085F570 /* InfoPlist.strings */; };
		DE5D477617D1316200CD0FD5 /* ORSessionDelegate.m in Sources */ = {isa = PBXBuildFile; fileRef = DE5D475817D0E3CB00CD0FD5 /* ORSessionDelegate.m */; };
		DE5D477717D1413200CD0FD5 /* OperationsRunner7.m in Sources */ = {isa = PBXBuildFile; fileRef = DE5D470717CE6F0D00CD0FD5 /* OperationsRunner7.m */; };
		DE63B8201738477C00CCFACC /* URfetcher.m in Sources */ = {isa = PBXBuildFile; fileRef = DECB2024173415570050C8F4 /* URfetcher.m */; };
		DE63B821173847A900CCFACC /* TestOperation.m in Sources */ = {isa = PBXBuildFile; fileRef = DE956F4F1729E2700026179D /* TestOperation.m */; };
		DE63B822173847F200CCFACC /* WebFetcher.m in Sources */ = {isa = PBXBuildFile; fileRef = DECB2026173415570050C8F4 /* WebFetcher.m */; };
		DE63B823173851E600CCFACC /* FECWF_Tests.m in Sources */ = {isa = PBXBuildFile; fileRef = DEE915CE1722DE520085F570 /* FECWF_Tests.m */; };
		DE956F511729E2700026179D /* TestOperation.m in Sources */ = {isa = PBXBuildFile; fileRef = DE956F4F1729E2700026179D /* TestOperation.m */; };
		DECB1FDB1733F9B40050C8F4 /* main.m in Sources */ = {isa = PBXBuildFile; fileRef = DEE915A91722DE520085F570 /* main.m */; };
		DECB1FDC1733F9B40050C8F4 /* AppDelegate.m in Sources */ = {isa = PBXBuildFile; fileRef = DEE915AD1722DE520085F570 /* AppDelegate.m */; };
		DECB1FDD1733F9B40050C8F4 /* ViewController.m in Sources */ = {isa = PBXBuildFile; fileRef = DEE915B61722DE520085F570 /* ViewController.m */; };
		DECB1FDE1733F9B40050C8F4 /* MyViewController.m in Sources */ = {isa = PBXBuildFile; fileRef = DEE915DA1722DEB20085F570 /* MyViewController.m */; };
		DECB1FE41733F9B40050C8F4 /* UIKit.framework in Frameworks */ = {isa = PBXBuildFile; fileRef = DEE9159D1722DE520085F570 /* UIKit.framework */; };
		DECB1FE51733F9B40050C8F4 /* Foundation.framework in Frameworks */ = {isa = PBXBuildFile; fileRef = DEE9159F1722DE520085F570 /* Foundation.framework */; };
		DECB1FE61733F9B40050C8F4 /* CoreGraphics.framework in Frameworks */ = {isa = PBXBuildFile; fileRef = DEE915A11722DE520085F570 /* CoreGraphics.framework */; };
		DECB1FE81733F9B40050C8F4 /* InfoPlist.strings in Resources */ = {isa = PBXBuildFile; fileRef = DEE915A61722DE520085F570 /* InfoPlist.strings */; };
		DECB1FE91733F9B40050C8F4 /* Default.png in Resources */ = {isa = PBXBuildFile; fileRef = DEE915AF1722DE520085F570 /* Default.png */; };
		DECB1FEA1733F9B40050C8F4 /* Default@2x.png in Resources */ = {isa = PBXBuildFile; fileRef = DEE915B11722DE520085F570 /* Default@2x.png */; };
		DECB1FEB1733F9B40050C8F4 /* Default-568h@2x.png in Resources */ = {isa = PBXBuildFile; fileRef = DEE915B31722DE520085F570 /* Default-568h@2x.png */; };
		DECB1FEC1733F9B40050C8F4 /* ViewController.xib in Resources */ = {isa = PBXBuildFile; fileRef = DEE915B81722DE520085F570 /* ViewController.xib */; };
		DECB1FED1733F9B40050C8F4 /* MyViewController.xib in Resources */ = {isa = PBXBuildFile; fileRef = DEE915DB1722DEB20085F570 /* MyViewController.xib */; };
		DECB1FEE1733F9B40050C8F4 /* LICENSE.md in Resources */ = {isa = PBXBuildFile; fileRef = DEE915F41722EF380085F570 /* LICENSE.md */; };
		DECB1FEF1733F9B40050C8F4 /* README.md in Resources */ = {isa = PBXBuildFile; fileRef = DEE915F51722EF380085F570 /* README.md */; };
		DECB20001733F9C70050C8F4 /* SenTestingKit.framework in Frameworks */ = {isa = PBXBuildFile; fileRef = DEE915C11722DE520085F570 /* SenTestingKit.framework */; };
		DECB20011733F9C70050C8F4 /* UIKit.framework in Frameworks */ = {isa = PBXBuildFile; fileRef = DEE9159D1722DE520085F570 /* UIKit.framework */; };
		DECB20021733F9C70050C8F4 /* Foundation.framework in Frameworks */ = {isa = PBXBuildFile; fileRef = DEE9159F1722DE520085F570 /* Foundation.framework */; };
		DECB20041733F9C70050C8F4 /* InfoPlist.strings in Resources */ = {isa = PBXBuildFile; fileRef = DEE915CA1722DE520085F570 /* InfoPlist.strings */; };
		DECB201717340DC90050C8F4 /* OperationsRunner6.m in Sources */ = {isa = PBXBuildFile; fileRef = DECB201117340DC90050C8F4 /* OperationsRunner6.m */; };
		DECB201817340DC90050C8F4 /* OperationsRunner6.m in Sources */ = {isa = PBXBuildFile; fileRef = DECB201117340DC90050C8F4 /* OperationsRunner6.m */; };
		DECB201917340DC90050C8F4 /* URfetcher6.m in Sources */ = {isa = PBXBuildFile; fileRef = DECB201417340DC90050C8F4 /* URfetcher6.m */; };
		DECB201B17340DC90050C8F4 /* WebFetcher6.m in Sources */ = {isa = PBXBuildFile; fileRef = DECB201617340DC90050C8F4 /* WebFetcher6.m */; };
		DECB201C17340DC90050C8F4 /* WebFetcher6.m in Sources */ = {isa = PBXBuildFile; fileRef = DECB201617340DC90050C8F4 /* WebFetcher6.m */; };
		DECB2027173415570050C8F4 /* ConcurrentOperation.m in Sources */ = {isa = PBXBuildFile; fileRef = DECB201F173415570050C8F4 /* ConcurrentOperation.m */; };
		DECB2028173415570050C8F4 /* OperationsRunner.m in Sources */ = {isa = PBXBuildFile; fileRef = DECB2021173415570050C8F4 /* OperationsRunner.m */; };
		DECB202A173415570050C8F4 /* WebFetcher.m in Sources */ = {isa = PBXBuildFile; fileRef = DECB2026173415570050C8F4 /* WebFetcher.m */; };
		DECB202B173416470050C8F4 /* ConcurrentOperation.m in Sources */ = {isa = PBXBuildFile; fileRef = DECB201F173415570050C8F4 /* ConcurrentOperation.m */; };
		DECB202C1734164B0050C8F4 /* OperationsRunner.m in Sources */ = {isa = PBXBuildFile; fileRef = DECB2021173415570050C8F4 /* OperationsRunner.m */; };
		DED5400317D92747005698F0 /* Tracker.m in Sources */ = {isa = PBXBuildFile; fileRef = DED5400117D9273C005698F0 /* Tracker.m */; };
		DED5400417D9274F005698F0 /* Tracker.m in Sources */ = {isa = PBXBuildFile; fileRef = DED5400117D9273C005698F0 /* Tracker.m */; };
		DED5400517D92750005698F0 /* Tracker.m in Sources */ = {isa = PBXBuildFile; fileRef = DED5400117D9273C005698F0 /* Tracker.m */; };
		DED5400617DA3417005698F0 /* WebFetcher7.m in Sources */ = {isa = PBXBuildFile; fileRef = DE5D470C17CE6F0D00CD0FD5 /* WebFetcher7.m */; };
		DED5400717DA341A005698F0 /* WebFetcher7.m in Sources */ = {isa = PBXBuildFile; fileRef = DE5D470C17CE6F0D00CD0FD5 /* WebFetcher7.m */; };
		DEE9159E1722DE520085F570 /* UIKit.framework in Frameworks */ = {isa = PBXBuildFile; fileRef = DEE9159D1722DE520085F570 /* UIKit.framework */; };
		DEE915A01722DE520085F570 /* Foundation.framework in Frameworks */ = {isa = PBXBuildFile; fileRef = DEE9159F1722DE520085F570 /* Foundation.framework */; };
		DEE915A21722DE520085F570 /* CoreGraphics.framework in Frameworks */ = {isa = PBXBuildFile; fileRef = DEE915A11722DE520085F570 /* CoreGraphics.framework */; };
		DEE915A81722DE520085F570 /* InfoPlist.strings in Resources */ = {isa = PBXBuildFile; fileRef = DEE915A61722DE520085F570 /* InfoPlist.strings */; };
		DEE915AA1722DE520085F570 /* main.m in Sources */ = {isa = PBXBuildFile; fileRef = DEE915A91722DE520085F570 /* main.m */; };
		DEE915AE1722DE520085F570 /* AppDelegate.m in Sources */ = {isa = PBXBuildFile; fileRef = DEE915AD1722DE520085F570 /* AppDelegate.m */; };
		DEE915B01722DE520085F570 /* Default.png in Resources */ = {isa = PBXBuildFile; fileRef = DEE915AF1722DE520085F570 /* Default.png */; };
		DEE915B21722DE520085F570 /* Default@2x.png in Resources */ = {isa = PBXBuildFile; fileRef = DEE915B11722DE520085F570 /* Default@2x.png */; };
		DEE915B41722DE520085F570 /* Default-568h@2x.png in Resources */ = {isa = PBXBuildFile; fileRef = DEE915B31722DE520085F570 /* Default-568h@2x.png */; };
		DEE915B71722DE520085F570 /* ViewController.m in Sources */ = {isa = PBXBuildFile; fileRef = DEE915B61722DE520085F570 /* ViewController.m */; };
		DEE915BA1722DE520085F570 /* ViewController.xib in Resources */ = {isa = PBXBuildFile; fileRef = DEE915B81722DE520085F570 /* ViewController.xib */; };
		DEE915C21722DE520085F570 /* SenTestingKit.framework in Frameworks */ = {isa = PBXBuildFile; fileRef = DEE915C11722DE520085F570 /* SenTestingKit.framework */; };
		DEE915C31722DE520085F570 /* UIKit.framework in Frameworks */ = {isa = PBXBuildFile; fileRef = DEE9159D1722DE520085F570 /* UIKit.framework */; };
		DEE915C41722DE520085F570 /* Foundation.framework in Frameworks */ = {isa = PBXBuildFile; fileRef = DEE9159F1722DE520085F570 /* Foundation.framework */; };
		DEE915CC1722DE520085F570 /* InfoPlist.strings in Resources */ = {isa = PBXBuildFile; fileRef = DEE915CA1722DE520085F570 /* InfoPlist.strings */; };
		DEE915CF1722DE520085F570 /* FECWF_Tests.m in Sources */ = {isa = PBXBuildFile; fileRef = DEE915CE1722DE520085F570 /* FECWF_Tests.m */; };
		DEE915DD1722DEB20085F570 /* MyViewController.m in Sources */ = {isa = PBXBuildFile; fileRef = DEE915DA1722DEB20085F570 /* MyViewController.m */; };
		DEE915DE1722DEB20085F570 /* MyViewController.xib in Resources */ = {isa = PBXBuildFile; fileRef = DEE915DB1722DEB20085F570 /* MyViewController.xib */; };
		DEE915F61722EF380085F570 /* LICENSE.md in Resources */ = {isa = PBXBuildFile; fileRef = DEE915F41722EF380085F570 /* LICENSE.md */; };
		DEE915F71722EF380085F570 /* README.md in Resources */ = {isa = PBXBuildFile; fileRef = DEE915F51722EF380085F570 /* README.md */; };
		DEEFF6E617D67278001D7C6B /* ViewController7.xib in Resources */ = {isa = PBXBuildFile; fileRef = DEEFF6E417D67278001D7C6B /* ViewController7.xib */; };
/* End PBXBuildFile section */

/* Begin PBXContainerItemProxy section */
		DE5D475F17D12D6300CD0FD5 /* PBXContainerItemProxy */ = {
			isa = PBXContainerItemProxy;
			containerPortal = DEE915921722DE520085F570 /* Project object */;
			proxyType = 1;
			remoteGlobalIDString = DEE915991722DE520085F570;
			remoteInfo = FastEasyConcurrentWebFetches;
		};
		DECB1FF91733F9C70050C8F4 /* PBXContainerItemProxy */ = {
			isa = PBXContainerItemProxy;
			containerPortal = DEE915921722DE520085F570 /* Project object */;
			proxyType = 1;
			remoteGlobalIDString = DEE915991722DE520085F570;
			remoteInfo = FastEasyConcurrentWebFetches;
		};
		DEE915C51722DE520085F570 /* PBXContainerItemProxy */ = {
			isa = PBXContainerItemProxy;
			containerPortal = DEE915921722DE520085F570 /* Project object */;
			proxyType = 1;
			remoteGlobalIDString = DEE915991722DE520085F570;
			remoteInfo = FastEasyConcurrentWebFetches;
		};
/* End PBXContainerItemProxy section */

/* Begin PBXFileReference section */
		DE3BE70E17D67344006345BC /* MyViewController7.xib */ = {isa = PBXFileReference; fileEncoding = 4; lastKnownFileType = file.xib; path = MyViewController7.xib; sourceTree = "<group>"; };
		DE52AD0F17CE6D1000858FA4 /* FECWF For iOS7.app */ = {isa = PBXFileReference; explicitFileType = wrapper.application; includeInIndex = 0; path = "FECWF For iOS7.app"; sourceTree = BUILT_PRODUCTS_DIR; };
		DE5D470617CE6F0D00CD0FD5 /* OperationsRunner7.h */ = {isa = PBXFileReference; fileEncoding = 4; lastKnownFileType = sourcecode.c.h; lineEnding = 0; path = OperationsRunner7.h; sourceTree = "<group>"; xcLanguageSpecificationIdentifier = xcode.lang.objcpp; };
		DE5D470717CE6F0D00CD0FD5 /* OperationsRunner7.m */ = {isa = PBXFileReference; fileEncoding = 4; lastKnownFileType = sourcecode.c.objc; lineEnding = 0; path = OperationsRunner7.m; sourceTree = "<group>"; xcLanguageSpecificationIdentifier = xcode.lang.objc; };
		DE5D470817CE6F0D00CD0FD5 /* OperationsRunnerProtocol7.h */ = {isa = PBXFileReference; fileEncoding = 4; lastKnownFileType = sourcecode.c.h; lineEnding = 0; path = OperationsRunnerProtocol7.h; sourceTree = "<group>"; xcLanguageSpecificationIdentifier = xcode.lang.objcpp; };
		DE5D470917CE6F0D00CD0FD5 /* URfetcher7.h */ = {isa = PBXFileReference; fileEncoding = 4; lastKnownFileType = sourcecode.c.h; path = URfetcher7.h; sourceTree = "<group>"; };
		DE5D470A17CE6F0D00CD0FD5 /* URfetcher7.m */ = {isa = PBXFileReference; fileEncoding = 4; lastKnownFileType = sourcecode.c.objc; path = URfetcher7.m; sourceTree = "<group>"; };
		DE5D470B17CE6F0D00CD0FD5 /* WebFetcher7.h */ = {isa = PBXFileReference; fileEncoding = 4; lastKnownFileType = sourcecode.c.h; path = WebFetcher7.h; sourceTree = "<group>"; };
		DE5D470C17CE6F0D00CD0FD5 /* WebFetcher7.m */ = {isa = PBXFileReference; fileEncoding = 4; lastKnownFileType = sourcecode.c.objc; lineEnding = 0; path = WebFetcher7.m; sourceTree = "<group>"; xcLanguageSpecificationIdentifier = xcode.lang.objc; };
		DE5D475717D0E3CB00CD0FD5 /* ORSessionDelegate.h */ = {isa = PBXFileReference; fileEncoding = 4; lastKnownFileType = sourcecode.c.h; path = ORSessionDelegate.h; sourceTree = "<group>"; };
		DE5D475817D0E3CB00CD0FD5 /* ORSessionDelegate.m */ = {isa = PBXFileReference; fileEncoding = 4; lastKnownFileType = sourcecode.c.objc; lineEnding = 0; path = ORSessionDelegate.m; sourceTree = "<group>"; xcLanguageSpecificationIdentifier = xcode.lang.objc; };
		DE5D477117D12D6300CD0FD5 /* FECWF iOS7 Tests.octest */ = {isa = PBXFileReference; explicitFileType = wrapper.cfbundle; includeInIndex = 0; path = "FECWF iOS7 Tests.octest"; sourceTree = BUILT_PRODUCTS_DIR; };
		DE956F4E1729E1E70026179D /* TestOperationProtocol.h */ = {isa = PBXFileReference; lastKnownFileType = sourcecode.c.h; path = TestOperationProtocol.h; sourceTree = "<group>"; };
		DE956F4F1729E2700026179D /* TestOperation.m */ = {isa = PBXFileReference; fileEncoding = 4; lastKnownFileType = sourcecode.c.objc; path = TestOperation.m; sourceTree = "<group>"; };
		DE956F501729E2700026179D /* TestOperation.h */ = {isa = PBXFileReference; fileEncoding = 4; lastKnownFileType = sourcecode.c.h; lineEnding = 0; path = TestOperation.h; sourceTree = "<group>"; xcLanguageSpecificationIdentifier = xcode.lang.objcpp; };
		DECB1FF51733F9B40050C8F4 /* FECWF For iOS6.app */ = {isa = PBXFileReference; explicitFileType = wrapper.application; includeInIndex = 0; path = "FECWF For iOS6.app"; sourceTree = BUILT_PRODUCTS_DIR; };
		DECB200B1733F9C70050C8F4 /* FECWF iOS6 Tests.octest */ = {isa = PBXFileReference; explicitFileType = wrapper.cfbundle; includeInIndex = 0; path = "FECWF iOS6 Tests.octest"; sourceTree = BUILT_PRODUCTS_DIR; };
		DECB201017340DC90050C8F4 /* OperationsRunner6.h */ = {isa = PBXFileReference; fileEncoding = 4; lastKnownFileType = sourcecode.c.h; lineEnding = 0; path = OperationsRunner6.h; sourceTree = "<group>"; xcLanguageSpecificationIdentifier = xcode.lang.objcpp; };
		DECB201117340DC90050C8F4 /* OperationsRunner6.m */ = {isa = PBXFileReference; fileEncoding = 4; lastKnownFileType = sourcecode.c.objc; lineEnding = 0; path = OperationsRunner6.m; sourceTree = "<group>"; xcLanguageSpecificationIdentifier = xcode.lang.objc; };
		DECB201217340DC90050C8F4 /* OperationsRunnerProtocol6.h */ = {isa = PBXFileReference; fileEncoding = 4; lastKnownFileType = sourcecode.c.h; lineEnding = 0; path = OperationsRunnerProtocol6.h; sourceTree = "<group>"; xcLanguageSpecificationIdentifier = xcode.lang.objcpp; };
		DECB201317340DC90050C8F4 /* URfetcher6.h */ = {isa = PBXFileReference; fileEncoding = 4; lastKnownFileType = sourcecode.c.h; lineEnding = 0; path = URfetcher6.h; sourceTree = "<group>"; xcLanguageSpecificationIdentifier = xcode.lang.objcpp; };
		DECB201417340DC90050C8F4 /* URfetcher6.m */ = {isa = PBXFileReference; fileEncoding = 4; lastKnownFileType = sourcecode.c.objc; path = URfetcher6.m; sourceTree = "<group>"; };
		DECB201517340DC90050C8F4 /* WebFetcher6.h */ = {isa = PBXFileReference; fileEncoding = 4; lastKnownFileType = sourcecode.c.h; path = WebFetcher6.h; sourceTree = "<group>"; };
		DECB201617340DC90050C8F4 /* WebFetcher6.m */ = {isa = PBXFileReference; fileEncoding = 4; lastKnownFileType = sourcecode.c.objc; path = WebFetcher6.m; sourceTree = "<group>"; };
		DECB201E173415570050C8F4 /* ConcurrentOperation.h */ = {isa = PBXFileReference; fileEncoding = 4; lastKnownFileType = sourcecode.c.h; path = ConcurrentOperation.h; sourceTree = "<group>"; };
		DECB201F173415570050C8F4 /* ConcurrentOperation.m */ = {isa = PBXFileReference; fileEncoding = 4; lastKnownFileType = sourcecode.c.objc; path = ConcurrentOperation.m; sourceTree = "<group>"; };
		DECB2020173415570050C8F4 /* OperationsRunner.h */ = {isa = PBXFileReference; fileEncoding = 4; lastKnownFileType = sourcecode.c.h; lineEnding = 0; path = OperationsRunner.h; sourceTree = "<group>"; xcLanguageSpecificationIdentifier = xcode.lang.objcpp; };
		DECB2021173415570050C8F4 /* OperationsRunner.m */ = {isa = PBXFileReference; fileEncoding = 4; lastKnownFileType = sourcecode.c.objc; lineEnding = 0; path = OperationsRunner.m; sourceTree = "<group>"; xcLanguageSpecificationIdentifier = xcode.lang.objc; };
		DECB2022173415570050C8F4 /* OperationsRunnerProtocol.h */ = {isa = PBXFileReference; fileEncoding = 4; lastKnownFileType = sourcecode.c.h; lineEnding = 0; path = OperationsRunnerProtocol.h; sourceTree = "<group>"; xcLanguageSpecificationIdentifier = xcode.lang.objcpp; };
		DECB2023173415570050C8F4 /* URfetcher.h */ = {isa = PBXFileReference; fileEncoding = 4; lastKnownFileType = sourcecode.c.h; lineEnding = 0; path = URfetcher.h; sourceTree = "<group>"; xcLanguageSpecificationIdentifier = xcode.lang.objcpp; };
		DECB2024173415570050C8F4 /* URfetcher.m */ = {isa = PBXFileReference; fileEncoding = 4; lastKnownFileType = sourcecode.c.objc; path = URfetcher.m; sourceTree = "<group>"; };
		DECB2025173415570050C8F4 /* WebFetcher.h */ = {isa = PBXFileReference; fileEncoding = 4; lastKnownFileType = sourcecode.c.h; lineEnding = 0; path = WebFetcher.h; sourceTree = "<group>"; xcLanguageSpecificationIdentifier = xcode.lang.objcpp; };
		DECB2026173415570050C8F4 /* WebFetcher.m */ = {isa = PBXFileReference; fileEncoding = 4; lastKnownFileType = sourcecode.c.objc; path = WebFetcher.m; sourceTree = "<group>"; };
		DECB202D17343EF80050C8F4 /* PrintMe */ = {isa = PBXFileReference; lastKnownFileType = text; path = PrintMe; sourceTree = "<group>"; };
		DECBD41B18A95619006602EB /* RefSessionDelegate.h */ = {isa = PBXFileReference; lastKnownFileType = sourcecode.c.h; path = RefSessionDelegate.h; sourceTree = "<group>"; };
		DECBD41C18A95619006602EB /* RefSessionDelegate.m */ = {isa = PBXFileReference; lastKnownFileType = sourcecode.c.objc; path = RefSessionDelegate.m; sourceTree = "<group>"; };
		DED5400017D9273C005698F0 /* Tracker.h */ = {isa = PBXFileReference; fileEncoding = 4; lastKnownFileType = sourcecode.c.h; path = Tracker.h; sourceTree = "<group>"; };
		DED5400117D9273C005698F0 /* Tracker.m */ = {isa = PBXFileReference; fileEncoding = 4; lastKnownFileType = sourcecode.c.objc; path = Tracker.m; sourceTree = "<group>"; };
		DEE9159A1722DE520085F570 /* FECWF For iOS5.app */ = {isa = PBXFileReference; explicitFileType = wrapper.application; includeInIndex = 0; path = "FECWF For iOS5.app"; sourceTree = BUILT_PRODUCTS_DIR; };
		DEE9159D1722DE520085F570 /* UIKit.framework */ = {isa = PBXFileReference; lastKnownFileType = wrapper.framework; name = UIKit.framework; path = System/Library/Frameworks/UIKit.framework; sourceTree = SDKROOT; };
		DEE9159F1722DE520085F570 /* Foundation.framework */ = {isa = PBXFileReference; lastKnownFileType = wrapper.framework; name = Foundation.framework; path = System/Library/Frameworks/Foundation.framework; sourceTree = SDKROOT; };
		DEE915A11722DE520085F570 /* CoreGraphics.framework */ = {isa = PBXFileReference; lastKnownFileType = wrapper.framework; name = CoreGraphics.framework; path = System/Library/Frameworks/CoreGraphics.framework; sourceTree = SDKROOT; };
		DEE915A51722DE520085F570 /* FastEasyConcurrentWebFetches-Info.plist */ = {isa = PBXFileReference; lastKnownFileType = text.plist.xml; path = "FastEasyConcurrentWebFetches-Info.plist"; sourceTree = "<group>"; };
		DEE915A71722DE520085F570 /* en */ = {isa = PBXFileReference; lastKnownFileType = text.plist.strings; name = en; path = en.lproj/InfoPlist.strings; sourceTree = "<group>"; };
		DEE915A91722DE520085F570 /* main.m */ = {isa = PBXFileReference; lastKnownFileType = sourcecode.c.objc; path = main.m; sourceTree = "<group>"; };
		DEE915AB1722DE520085F570 /* FastEasyConcurrentWebFetches-Prefix.pch */ = {isa = PBXFileReference; lastKnownFileType = sourcecode.c.h; lineEnding = 0; path = "FastEasyConcurrentWebFetches-Prefix.pch"; sourceTree = "<group>"; xcLanguageSpecificationIdentifier = xcode.lang.objc; };
		DEE915AC1722DE520085F570 /* AppDelegate.h */ = {isa = PBXFileReference; lastKnownFileType = sourcecode.c.h; path = AppDelegate.h; sourceTree = "<group>"; };
		DEE915AD1722DE520085F570 /* AppDelegate.m */ = {isa = PBXFileReference; lastKnownFileType = sourcecode.c.objc; path = AppDelegate.m; sourceTree = "<group>"; };
		DEE915AF1722DE520085F570 /* Default.png */ = {isa = PBXFileReference; lastKnownFileType = image.png; path = Default.png; sourceTree = "<group>"; };
		DEE915B11722DE520085F570 /* Default@2x.png */ = {isa = PBXFileReference; lastKnownFileType = image.png; path = "Default@2x.png"; sourceTree = "<group>"; };
		DEE915B31722DE520085F570 /* Default-568h@2x.png */ = {isa = PBXFileReference; lastKnownFileType = image.png; path = "Default-568h@2x.png"; sourceTree = "<group>"; };
		DEE915B51722DE520085F570 /* ViewController.h */ = {isa = PBXFileReference; lastKnownFileType = sourcecode.c.h; path = ViewController.h; sourceTree = "<group>"; };
		DEE915B61722DE520085F570 /* ViewController.m */ = {isa = PBXFileReference; lastKnownFileType = sourcecode.c.objc; path = ViewController.m; sourceTree = "<group>"; };
		DEE915B91722DE520085F570 /* en */ = {isa = PBXFileReference; lastKnownFileType = file.xib; name = en; path = en.lproj/ViewController.xib; sourceTree = "<group>"; };
		DEE915C01722DE520085F570 /* FECWF iOS5 Tests.octest */ = {isa = PBXFileReference; explicitFileType = wrapper.cfbundle; includeInIndex = 0; path = "FECWF iOS5 Tests.octest"; sourceTree = BUILT_PRODUCTS_DIR; };
		DEE915C11722DE520085F570 /* SenTestingKit.framework */ = {isa = PBXFileReference; lastKnownFileType = wrapper.framework; name = SenTestingKit.framework; path = Library/Frameworks/SenTestingKit.framework; sourceTree = DEVELOPER_DIR; };
		DEE915C91722DE520085F570 /* FastEasyConcurrentWebFetchesTests-Info.plist */ = {isa = PBXFileReference; lastKnownFileType = text.plist.xml; path = "FastEasyConcurrentWebFetchesTests-Info.plist"; sourceTree = "<group>"; };
		DEE915CB1722DE520085F570 /* en */ = {isa = PBXFileReference; lastKnownFileType = text.plist.strings; name = en; path = en.lproj/InfoPlist.strings; sourceTree = "<group>"; };
		DEE915CD1722DE520085F570 /* FECWF_Tests.h */ = {isa = PBXFileReference; lastKnownFileType = sourcecode.c.h; path = FECWF_Tests.h; sourceTree = "<group>"; };
		DEE915CE1722DE520085F570 /* FECWF_Tests.m */ = {isa = PBXFileReference; lastKnownFileType = sourcecode.c.objc; lineEnding = 0; path = FECWF_Tests.m; sourceTree = "<group>"; xcLanguageSpecificationIdentifier = xcode.lang.objc; };
		DEE915D91722DEB20085F570 /* MyViewController.h */ = {isa = PBXFileReference; fileEncoding = 4; lastKnownFileType = sourcecode.c.h; path = MyViewController.h; sourceTree = "<group>"; };
		DEE915DA1722DEB20085F570 /* MyViewController.m */ = {isa = PBXFileReference; fileEncoding = 4; lastKnownFileType = sourcecode.c.objc; lineEnding = 0; path = MyViewController.m; sourceTree = "<group>"; xcLanguageSpecificationIdentifier = xcode.lang.objc; };
		DEE915DB1722DEB20085F570 /* MyViewController.xib */ = {isa = PBXFileReference; fileEncoding = 4; lastKnownFileType = file.xib; path = MyViewController.xib; sourceTree = "<group>"; };
		DEE915F41722EF380085F570 /* LICENSE.md */ = {isa = PBXFileReference; fileEncoding = 4; lastKnownFileType = text; path = LICENSE.md; sourceTree = SOURCE_ROOT; };
		DEE915F51722EF380085F570 /* README.md */ = {isa = PBXFileReference; fileEncoding = 4; lastKnownFileType = text; lineEnding = 0; path = README.md; sourceTree = SOURCE_ROOT; };
		DEEFF6E517D67278001D7C6B /* en */ = {isa = PBXFileReference; lastKnownFileType = file.xib; name = en; path = en.lproj/ViewController7.xib; sourceTree = "<group>"; };
/* End PBXFileReference section */

/* Begin PBXFrameworksBuildPhase section */
		DE52ACFD17CE6D1000858FA4 /* Frameworks */ = {
			isa = PBXFrameworksBuildPhase;
			buildActionMask = 2147483647;
			files = (
				DE52ACFE17CE6D1000858FA4 /* UIKit.framework in Frameworks */,
				DE52ACFF17CE6D1000858FA4 /* Foundation.framework in Frameworks */,
				DE52AD0017CE6D1000858FA4 /* CoreGraphics.framework in Frameworks */,
			);
			runOnlyForDeploymentPostprocessing = 0;
		};
		DE5D476517D12D6300CD0FD5 /* Frameworks */ = {
			isa = PBXFrameworksBuildPhase;
			buildActionMask = 2147483647;
			files = (
				DE5D476617D12D6300CD0FD5 /* SenTestingKit.framework in Frameworks */,
				DE5D476717D12D6300CD0FD5 /* UIKit.framework in Frameworks */,
				DE5D476817D12D6300CD0FD5 /* Foundation.framework in Frameworks */,
			);
			runOnlyForDeploymentPostprocessing = 0;
		};
		DECB1FE31733F9B40050C8F4 /* Frameworks */ = {
			isa = PBXFrameworksBuildPhase;
			buildActionMask = 2147483647;
			files = (
				DECB1FE41733F9B40050C8F4 /* UIKit.framework in Frameworks */,
				DECB1FE51733F9B40050C8F4 /* Foundation.framework in Frameworks */,
				DECB1FE61733F9B40050C8F4 /* CoreGraphics.framework in Frameworks */,
			);
			runOnlyForDeploymentPostprocessing = 0;
		};
		DECB1FFF1733F9C70050C8F4 /* Frameworks */ = {
			isa = PBXFrameworksBuildPhase;
			buildActionMask = 2147483647;
			files = (
				DECB20001733F9C70050C8F4 /* SenTestingKit.framework in Frameworks */,
				DECB20011733F9C70050C8F4 /* UIKit.framework in Frameworks */,
				DECB20021733F9C70050C8F4 /* Foundation.framework in Frameworks */,
			);
			runOnlyForDeploymentPostprocessing = 0;
		};
		DEE915971722DE520085F570 /* Frameworks */ = {
			isa = PBXFrameworksBuildPhase;
			buildActionMask = 2147483647;
			files = (
				DEE9159E1722DE520085F570 /* UIKit.framework in Frameworks */,
				DEE915A01722DE520085F570 /* Foundation.framework in Frameworks */,
				DEE915A21722DE520085F570 /* CoreGraphics.framework in Frameworks */,
			);
			runOnlyForDeploymentPostprocessing = 0;
		};
		DEE915BC1722DE520085F570 /* Frameworks */ = {
			isa = PBXFrameworksBuildPhase;
			buildActionMask = 2147483647;
			files = (
				DEE915C21722DE520085F570 /* SenTestingKit.framework in Frameworks */,
				DEE915C31722DE520085F570 /* UIKit.framework in Frameworks */,
				DEE915C41722DE520085F570 /* Foundation.framework in Frameworks */,
			);
			runOnlyForDeploymentPostprocessing = 0;
		};
/* End PBXFrameworksBuildPhase section */

/* Begin PBXGroup section */
		DE5D470517CE6F0D00CD0FD5 /* WhatYouNeediOS7+ */ = {
			isa = PBXGroup;
			children = (
				DE5D470817CE6F0D00CD0FD5 /* OperationsRunnerProtocol7.h */,
				DE5D470617CE6F0D00CD0FD5 /* OperationsRunner7.h */,
				DE5D470717CE6F0D00CD0FD5 /* OperationsRunner7.m */,
				DE5D475717D0E3CB00CD0FD5 /* ORSessionDelegate.h */,
				DE5D475817D0E3CB00CD0FD5 /* ORSessionDelegate.m */,
				DECBD41B18A95619006602EB /* RefSessionDelegate.h */,
				DECBD41C18A95619006602EB /* RefSessionDelegate.m */,
				DE5D470917CE6F0D00CD0FD5 /* URfetcher7.h */,
				DE5D470A17CE6F0D00CD0FD5 /* URfetcher7.m */,
				DE5D470B17CE6F0D00CD0FD5 /* WebFetcher7.h */,
				DE5D470C17CE6F0D00CD0FD5 /* WebFetcher7.m */,
			);
			name = "WhatYouNeediOS7+";
			path = "../WhatYouNeediOS7+";
			sourceTree = "<group>";
		};
		DECB200D1733FE620050C8F4 /* WhatYouNeediOS6+ */ = {
			isa = PBXGroup;
			children = (
				DECB201217340DC90050C8F4 /* OperationsRunnerProtocol6.h */,
				DECB201017340DC90050C8F4 /* OperationsRunner6.h */,
				DECB201117340DC90050C8F4 /* OperationsRunner6.m */,
				DECB201317340DC90050C8F4 /* URfetcher6.h */,
				DECB201417340DC90050C8F4 /* URfetcher6.m */,
				DECB201517340DC90050C8F4 /* WebFetcher6.h */,
				DECB201617340DC90050C8F4 /* WebFetcher6.m */,
			);
			path = "WhatYouNeediOS6+";
			sourceTree = SOURCE_ROOT;
		};
		DECB201D173415570050C8F4 /* WhatYouNeediOS5 */ = {
			isa = PBXGroup;
			children = (
				DECB201E173415570050C8F4 /* ConcurrentOperation.h */,
				DECB201F173415570050C8F4 /* ConcurrentOperation.m */,
				DECB2025173415570050C8F4 /* WebFetcher.h */,
				DECB2026173415570050C8F4 /* WebFetcher.m */,
				DECB2020173415570050C8F4 /* OperationsRunner.h */,
				DECB2021173415570050C8F4 /* OperationsRunner.m */,
				DECB2022173415570050C8F4 /* OperationsRunnerProtocol.h */,
				DECB2023173415570050C8F4 /* URfetcher.h */,
				DECB2024173415570050C8F4 /* URfetcher.m */,
			);
			name = WhatYouNeediOS5;
			path = WhatYouNeed;
			sourceTree = SOURCE_ROOT;
		};
		DEE915911722DE520085F570 = {
			isa = PBXGroup;
			children = (
				DEE915A31722DE520085F570 /* FastEasyConcurrentWebFetches */,
				DEE915C71722DE520085F570 /* FastEasyConcurrentWebFetchesTests */,
				DEE9159C1722DE520085F570 /* Frameworks */,
				DEE9159B1722DE520085F570 /* Products */,
			);
			sourceTree = "<group>";
		};
		DEE9159B1722DE520085F570 /* Products */ = {
			isa = PBXGroup;
			children = (
				DEE9159A1722DE520085F570 /* FECWF For iOS5.app */,
				DEE915C01722DE520085F570 /* FECWF iOS5 Tests.octest */,
				DECB1FF51733F9B40050C8F4 /* FECWF For iOS6.app */,
				DECB200B1733F9C70050C8F4 /* FECWF iOS6 Tests.octest */,
				DE52AD0F17CE6D1000858FA4 /* FECWF For iOS7.app */,
				DE5D477117D12D6300CD0FD5 /* FECWF iOS7 Tests.octest */,
			);
			name = Products;
			sourceTree = "<group>";
		};
		DEE9159C1722DE520085F570 /* Frameworks */ = {
			isa = PBXGroup;
			children = (
				DEE9159D1722DE520085F570 /* UIKit.framework */,
				DEE9159F1722DE520085F570 /* Foundation.framework */,
				DEE915A11722DE520085F570 /* CoreGraphics.framework */,
				DEE915C11722DE520085F570 /* SenTestingKit.framework */,
			);
			name = Frameworks;
			sourceTree = "<group>";
		};
		DEE915A31722DE520085F570 /* FastEasyConcurrentWebFetches */ = {
			isa = PBXGroup;
			children = (
				DEE915F51722EF380085F570 /* README.md */,
				DEE915F41722EF380085F570 /* LICENSE.md */,
				DECB201D173415570050C8F4 /* WhatYouNeediOS5 */,
				DECB200D1733FE620050C8F4 /* WhatYouNeediOS6+ */,
				DE5D470517CE6F0D00CD0FD5 /* WhatYouNeediOS7+ */,
				DEE915D91722DEB20085F570 /* MyViewController.h */,
				DEE915DA1722DEB20085F570 /* MyViewController.m */,
				DEE915DB1722DEB20085F570 /* MyViewController.xib */,
				DE3BE70E17D67344006345BC /* MyViewController7.xib */,
				DEE915AC1722DE520085F570 /* AppDelegate.h */,
				DEE915AD1722DE520085F570 /* AppDelegate.m */,
				DEE915B51722DE520085F570 /* ViewController.h */,
				DEE915B61722DE520085F570 /* ViewController.m */,
				DEE915B81722DE520085F570 /* ViewController.xib */,
				DEEFF6E417D67278001D7C6B /* ViewController7.xib */,
				DEE915A41722DE520085F570 /* Supporting Files */,
			);
			path = FastEasyConcurrentWebFetches;
			sourceTree = "<group>";
		};
		DEE915A41722DE520085F570 /* Supporting Files */ = {
			isa = PBXGroup;
			children = (
				DED5400017D9273C005698F0 /* Tracker.h */,
				DED5400117D9273C005698F0 /* Tracker.m */,
				DEE915A51722DE520085F570 /* FastEasyConcurrentWebFetches-Info.plist */,
				DEE915A61722DE520085F570 /* InfoPlist.strings */,
				DEE915A91722DE520085F570 /* main.m */,
				DEE915AB1722DE520085F570 /* FastEasyConcurrentWebFetches-Prefix.pch */,
				DEE915AF1722DE520085F570 /* Default.png */,
				DEE915B11722DE520085F570 /* Default@2x.png */,
				DEE915B31722DE520085F570 /* Default-568h@2x.png */,
			);
			name = "Supporting Files";
			sourceTree = "<group>";
		};
		DEE915C71722DE520085F570 /* FastEasyConcurrentWebFetchesTests */ = {
			isa = PBXGroup;
			children = (
				DEE915CD1722DE520085F570 /* FECWF_Tests.h */,
				DEE915CE1722DE520085F570 /* FECWF_Tests.m */,
				DE956F4E1729E1E70026179D /* TestOperationProtocol.h */,
				DE956F501729E2700026179D /* TestOperation.h */,
				DE956F4F1729E2700026179D /* TestOperation.m */,
				DEE915C81722DE520085F570 /* Supporting Files */,
			);
			path = FastEasyConcurrentWebFetchesTests;
			sourceTree = "<group>";
		};
		DEE915C81722DE520085F570 /* Supporting Files */ = {
			isa = PBXGroup;
			children = (
				DEE915C91722DE520085F570 /* FastEasyConcurrentWebFetchesTests-Info.plist */,
				DEE915CA1722DE520085F570 /* InfoPlist.strings */,
				DECB202D17343EF80050C8F4 /* PrintMe */,
			);
			name = "Supporting Files";
			sourceTree = "<group>";
		};
/* End PBXGroup section */

/* Begin PBXNativeTarget section */
		DE52ACF417CE6D1000858FA4 /* FECWF For iOS7 */ = {
			isa = PBXNativeTarget;
			buildConfigurationList = DE52AD0A17CE6D1000858FA4 /* Build configuration list for PBXNativeTarget "FECWF For iOS7" */;
			buildPhases = (
				DE52ACF517CE6D1000858FA4 /* Sources */,
				DE52ACFD17CE6D1000858FA4 /* Frameworks */,
				DE52AD0117CE6D1000858FA4 /* Resources */,
			);
			buildRules = (
			);
			dependencies = (
			);
			name = "FECWF For iOS7";
			productName = FastEasyConcurrentWebFetches;
			productReference = DE52AD0F17CE6D1000858FA4 /* FECWF For iOS7.app */;
			productType = "com.apple.product-type.application";
		};
		DE5D475D17D12D6300CD0FD5 /* FECWF iOS7 Tests */ = {
			isa = PBXNativeTarget;
			buildConfigurationList = DE5D476C17D12D6300CD0FD5 /* Build configuration list for PBXNativeTarget "FECWF iOS7 Tests" */;
			buildPhases = (
				DE5D476017D12D6300CD0FD5 /* Sources */,
				DE5D476517D12D6300CD0FD5 /* Frameworks */,
				DE5D476917D12D6300CD0FD5 /* Resources */,
				DE5D476B17D12D6300CD0FD5 /* ShellScript */,
			);
			buildRules = (
			);
			dependencies = (
				DE5D475E17D12D6300CD0FD5 /* PBXTargetDependency */,
			);
			name = "FECWF iOS7 Tests";
			productName = FastEasyConcurrentWebFetchesTests;
			productReference = DE5D477117D12D6300CD0FD5 /* FECWF iOS7 Tests.octest */;
			productType = "com.apple.product-type.bundle";
		};
		DECB1FD91733F9B40050C8F4 /* FECWF For iOS6 */ = {
			isa = PBXNativeTarget;
			buildConfigurationList = DECB1FF01733F9B40050C8F4 /* Build configuration list for PBXNativeTarget "FECWF For iOS6" */;
			buildPhases = (
				DECB1FDA1733F9B40050C8F4 /* Sources */,
				DECB1FE31733F9B40050C8F4 /* Frameworks */,
				DECB1FE71733F9B40050C8F4 /* Resources */,
			);
			buildRules = (
			);
			dependencies = (
			);
			name = "FECWF For iOS6";
			productName = FastEasyConcurrentWebFetches;
			productReference = DECB1FF51733F9B40050C8F4 /* FECWF For iOS6.app */;
			productType = "com.apple.product-type.application";
		};
		DECB1FF71733F9C70050C8F4 /* FECWF iOS6 Tests */ = {
			isa = PBXNativeTarget;
			buildConfigurationList = DECB20061733F9C70050C8F4 /* Build configuration list for PBXNativeTarget "FECWF iOS6 Tests" */;
			buildPhases = (
				DECB1FFA1733F9C70050C8F4 /* Sources */,
				DECB1FFF1733F9C70050C8F4 /* Frameworks */,
				DECB20031733F9C70050C8F4 /* Resources */,
				DECB20051733F9C70050C8F4 /* ShellScript */,
			);
			buildRules = (
			);
			dependencies = (
				DECB1FF81733F9C70050C8F4 /* PBXTargetDependency */,
			);
			name = "FECWF iOS6 Tests";
			productName = FastEasyConcurrentWebFetchesTests;
			productReference = DECB200B1733F9C70050C8F4 /* FECWF iOS6 Tests.octest */;
			productType = "com.apple.product-type.bundle";
		};
		DEE915991722DE520085F570 /* FECWF For iOS5 */ = {
			isa = PBXNativeTarget;
			buildConfigurationList = DEE915D21722DE520085F570 /* Build configuration list for PBXNativeTarget "FECWF For iOS5" */;
			buildPhases = (
				DEE915961722DE520085F570 /* Sources */,
				DEE915971722DE520085F570 /* Frameworks */,
				DEE915981722DE520085F570 /* Resources */,
			);
			buildRules = (
			);
			dependencies = (
			);
			name = "FECWF For iOS5";
			productName = FastEasyConcurrentWebFetches;
			productReference = DEE9159A1722DE520085F570 /* FECWF For iOS5.app */;
			productType = "com.apple.product-type.application";
		};
		DEE915BF1722DE520085F570 /* FECWF iOS5 Tests */ = {
			isa = PBXNativeTarget;
			buildConfigurationList = DEE915D51722DE520085F570 /* Build configuration list for PBXNativeTarget "FECWF iOS5 Tests" */;
			buildPhases = (
				DEE915BB1722DE520085F570 /* Sources */,
				DEE915BC1722DE520085F570 /* Frameworks */,
				DEE915BD1722DE520085F570 /* Resources */,
				DEE915BE1722DE520085F570 /* ShellScript */,
			);
			buildRules = (
			);
			dependencies = (
				DEE915C61722DE520085F570 /* PBXTargetDependency */,
			);
			name = "FECWF iOS5 Tests";
			productName = FastEasyConcurrentWebFetchesTests;
			productReference = DEE915C01722DE520085F570 /* FECWF iOS5 Tests.octest */;
			productType = "com.apple.product-type.bundle";
		};
/* End PBXNativeTarget section */

/* Begin PBXProject section */
		DEE915921722DE520085F570 /* Project object */ = {
			isa = PBXProject;
			attributes = {
				LastUpgradeCheck = 0460;
				ORGANIZATIONNAME = dhoerl;
			};
			buildConfigurationList = DEE915951722DE520085F570 /* Build configuration list for PBXProject "FastEasyConcurrentWebFetches" */;
			compatibilityVersion = "Xcode 3.2";
			developmentRegion = English;
			hasScannedForEncodings = 0;
			knownRegions = (
				en,
			);
			mainGroup = DEE915911722DE520085F570;
			productRefGroup = DEE9159B1722DE520085F570 /* Products */;
			projectDirPath = "";
			projectRoot = "";
			targets = (
				DEE915991722DE520085F570 /* FECWF For iOS5 */,
				DEE915BF1722DE520085F570 /* FECWF iOS5 Tests */,
				DECB1FD91733F9B40050C8F4 /* FECWF For iOS6 */,
				DECB1FF71733F9C70050C8F4 /* FECWF iOS6 Tests */,
				DE52ACF417CE6D1000858FA4 /* FECWF For iOS7 */,
				DE5D475D17D12D6300CD0FD5 /* FECWF iOS7 Tests */,
			);
		};
/* End PBXProject section */

/* Begin PBXResourcesBuildPhase section */
		DE52AD0117CE6D1000858FA4 /* Resources */ = {
			isa = PBXResourcesBuildPhase;
			buildActionMask = 2147483647;
			files = (
				DE52AD0217CE6D1000858FA4 /* InfoPlist.strings in Resources */,
				DE3BE70F17D67344006345BC /* MyViewController7.xib in Resources */,
				DE52AD0317CE6D1000858FA4 /* Default.png in Resources */,
				DE52AD0417CE6D1000858FA4 /* Default@2x.png in Resources */,
				DE52AD0517CE6D1000858FA4 /* Default-568h@2x.png in Resources */,
				DE52AD0817CE6D1000858FA4 /* LICENSE.md in Resources */,
				DE52AD0917CE6D1000858FA4 /* README.md in Resources */,
				DEEFF6E617D67278001D7C6B /* ViewController7.xib in Resources */,
			);
			runOnlyForDeploymentPostprocessing = 0;
		};
		DE5D476917D12D6300CD0FD5 /* Resources */ = {
			isa = PBXResourcesBuildPhase;
			buildActionMask = 2147483647;
			files = (
				DE5D476A17D12D6300CD0FD5 /* InfoPlist.strings in Resources */,
			);
			runOnlyForDeploymentPostprocessing = 0;
		};
		DECB1FE71733F9B40050C8F4 /* Resources */ = {
			isa = PBXResourcesBuildPhase;
			buildActionMask = 2147483647;
			files = (
				DECB1FE81733F9B40050C8F4 /* InfoPlist.strings in Resources */,
				DECB1FE91733F9B40050C8F4 /* Default.png in Resources */,
				DECB1FEA1733F9B40050C8F4 /* Default@2x.png in Resources */,
				DECB1FEB1733F9B40050C8F4 /* Default-568h@2x.png in Resources */,
				DECB1FEC1733F9B40050C8F4 /* ViewController.xib in Resources */,
				DECB1FED1733F9B40050C8F4 /* MyViewController.xib in Resources */,
				DECB1FEE1733F9B40050C8F4 /* LICENSE.md in Resources */,
				DECB1FEF1733F9B40050C8F4 /* README.md in Resources */,
			);
			runOnlyForDeploymentPostprocessing = 0;
		};
		DECB20031733F9C70050C8F4 /* Resources */ = {
			isa = PBXResourcesBuildPhase;
			buildActionMask = 2147483647;
			files = (
				DECB20041733F9C70050C8F4 /* InfoPlist.strings in Resources */,
			);
			runOnlyForDeploymentPostprocessing = 0;
		};
		DEE915981722DE520085F570 /* Resources */ = {
			isa = PBXResourcesBuildPhase;
			buildActionMask = 2147483647;
			files = (
				DEE915A81722DE520085F570 /* InfoPlist.strings in Resources */,
				DEE915B01722DE520085F570 /* Default.png in Resources */,
				DEE915B21722DE520085F570 /* Default@2x.png in Resources */,
				DEE915B41722DE520085F570 /* Default-568h@2x.png in Resources */,
				DEE915BA1722DE520085F570 /* ViewController.xib in Resources */,
				DEE915DE1722DEB20085F570 /* MyViewController.xib in Resources */,
				DEE915F61722EF380085F570 /* LICENSE.md in Resources */,
				DEE915F71722EF380085F570 /* README.md in Resources */,
			);
			runOnlyForDeploymentPostprocessing = 0;
		};
		DEE915BD1722DE520085F570 /* Resources */ = {
			isa = PBXResourcesBuildPhase;
			buildActionMask = 2147483647;
			files = (
				DEE915CC1722DE520085F570 /* InfoPlist.strings in Resources */,
			);
			runOnlyForDeploymentPostprocessing = 0;
		};
/* End PBXResourcesBuildPhase section */

/* Begin PBXShellScriptBuildPhase section */
		DE5D476B17D12D6300CD0FD5 /* ShellScript */ = {
			isa = PBXShellScriptBuildPhase;
			buildActionMask = 2147483647;
			files = (
			);
			inputPaths = (
			);
			outputPaths = (
			);
			runOnlyForDeploymentPostprocessing = 0;
			shellPath = /bin/sh;
			shellScript = "# Run the unit tests in this test bundle.\n\"${SYSTEM_DEVELOPER_DIR}/Tools/RunUnitTests\"\n";
		};
		DECB20051733F9C70050C8F4 /* ShellScript */ = {
			isa = PBXShellScriptBuildPhase;
			buildActionMask = 2147483647;
			files = (
			);
			inputPaths = (
			);
			outputPaths = (
			);
			runOnlyForDeploymentPostprocessing = 0;
			shellPath = /bin/sh;
			shellScript = "# Run the unit tests in this test bundle.\n\"${SYSTEM_DEVELOPER_DIR}/Tools/RunUnitTests\"\n";
		};
		DEE915BE1722DE520085F570 /* ShellScript */ = {
			isa = PBXShellScriptBuildPhase;
			buildActionMask = 2147483647;
			files = (
			);
			inputPaths = (
			);
			outputPaths = (
			);
			runOnlyForDeploymentPostprocessing = 0;
			shellPath = /bin/sh;
			shellScript = "# Run the unit tests in this test bundle.\n\"${SYSTEM_DEVELOPER_DIR}/Tools/RunUnitTests\"\n";
		};
/* End PBXShellScriptBuildPhase section */

/* Begin PBXSourcesBuildPhase section */
		DE52ACF517CE6D1000858FA4 /* Sources */ = {
			isa = PBXSourcesBuildPhase;
			buildActionMask = 2147483647;
			files = (
				DE52ACF617CE6D1000858FA4 /* main.m in Sources */,
				DE52ACF717CE6D1000858FA4 /* AppDelegate.m in Sources */,
				DED5400317D92747005698F0 /* Tracker.m in Sources */,
				DE5D470D17CE6F0D00CD0FD5 /* OperationsRunner7.m in Sources */,
				DED5400617DA3417005698F0 /* WebFetcher7.m in Sources */,
				DE5D475917D0E3CB00CD0FD5 /* ORSessionDelegate.m in Sources */,
				DE52ACF817CE6D1000858FA4 /* ViewController.m in Sources */,
				DE52ACF917CE6D1000858FA4 /* MyViewController.m in Sources */,
				DE5D470E17CE6F0D00CD0FD5 /* URfetcher7.m in Sources */,
			);
			runOnlyForDeploymentPostprocessing = 0;
		};
		DE5D476017D12D6300CD0FD5 /* Sources */ = {
			isa = PBXSourcesBuildPhase;
			buildActionMask = 2147483647;
			files = (
				DE5D476417D12D6300CD0FD5 /* FECWF_Tests.m in Sources */,
				DE5D477717D1413200CD0FD5 /* OperationsRunner7.m in Sources */,
				DED5400717DA341A005698F0 /* WebFetcher7.m in Sources */,
				DE5D477617D1316200CD0FD5 /* ORSessionDelegate.m in Sources */,
				DE5D476317D12D6300CD0FD5 /* TestOperation.m in Sources */,
			);
			runOnlyForDeploymentPostprocessing = 0;
		};
		DECB1FDA1733F9B40050C8F4 /* Sources */ = {
			isa = PBXSourcesBuildPhase;
			buildActionMask = 2147483647;
			files = (
				DED5400417D9274F005698F0 /* Tracker.m in Sources */,
				DECB1FDB1733F9B40050C8F4 /* main.m in Sources */,
				DECB1FDC1733F9B40050C8F4 /* AppDelegate.m in Sources */,
				DECB1FDD1733F9B40050C8F4 /* ViewController.m in Sources */,
				DECB1FDE1733F9B40050C8F4 /* MyViewController.m in Sources */,
				DECB201717340DC90050C8F4 /* OperationsRunner6.m in Sources */,
				DECB201917340DC90050C8F4 /* URfetcher6.m in Sources */,
				DECB201B17340DC90050C8F4 /* WebFetcher6.m in Sources */,
			);
			runOnlyForDeploymentPostprocessing = 0;
		};
		DECB1FFA1733F9C70050C8F4 /* Sources */ = {
			isa = PBXSourcesBuildPhase;
			buildActionMask = 2147483647;
			files = (
				DECB201817340DC90050C8F4 /* OperationsRunner6.m in Sources */,
				DECB201C17340DC90050C8F4 /* WebFetcher6.m in Sources */,
				DE63B821173847A900CCFACC /* TestOperation.m in Sources */,
				DE63B823173851E600CCFACC /* FECWF_Tests.m in Sources */,
			);
			runOnlyForDeploymentPostprocessing = 0;
		};
		DEE915961722DE520085F570 /* Sources */ = {
			isa = PBXSourcesBuildPhase;
			buildActionMask = 2147483647;
			files = (
				DEE915AA1722DE520085F570 /* main.m in Sources */,
				DEE915AE1722DE520085F570 /* AppDelegate.m in Sources */,
				DEE915B71722DE520085F570 /* ViewController.m in Sources */,
				DEE915DD1722DEB20085F570 /* MyViewController.m in Sources */,
				DECB2027173415570050C8F4 /* ConcurrentOperation.m in Sources */,
				DECB2028173415570050C8F4 /* OperationsRunner.m in Sources */,
				DED5400517D92750005698F0 /* Tracker.m in Sources */,
				DECB202A173415570050C8F4 /* WebFetcher.m in Sources */,
				DE63B8201738477C00CCFACC /* URfetcher.m in Sources */,
			);
			runOnlyForDeploymentPostprocessing = 0;
		};
		DEE915BB1722DE520085F570 /* Sources */ = {
			isa = PBXSourcesBuildPhase;
			buildActionMask = 2147483647;
			files = (
				DEE915CF1722DE520085F570 /* FECWF_Tests.m in Sources */,
				DE956F511729E2700026179D /* TestOperation.m in Sources */,
				DECB202B173416470050C8F4 /* ConcurrentOperation.m in Sources */,
				DECB202C1734164B0050C8F4 /* OperationsRunner.m in Sources */,
				DE63B822173847F200CCFACC /* WebFetcher.m in Sources */,
			);
			runOnlyForDeploymentPostprocessing = 0;
		};
/* End PBXSourcesBuildPhase section */

/* Begin PBXTargetDependency section */
		DE5D475E17D12D6300CD0FD5 /* PBXTargetDependency */ = {
			isa = PBXTargetDependency;
			target = DEE915991722DE520085F570 /* FECWF For iOS5 */;
			targetProxy = DE5D475F17D12D6300CD0FD5 /* PBXContainerItemProxy */;
		};
		DECB1FF81733F9C70050C8F4 /* PBXTargetDependency */ = {
			isa = PBXTargetDependency;
			target = DEE915991722DE520085F570 /* FECWF For iOS5 */;
			targetProxy = DECB1FF91733F9C70050C8F4 /* PBXContainerItemProxy */;
		};
		DEE915C61722DE520085F570 /* PBXTargetDependency */ = {
			isa = PBXTargetDependency;
			target = DEE915991722DE520085F570 /* FECWF For iOS5 */;
			targetProxy = DEE915C51722DE520085F570 /* PBXContainerItemProxy */;
		};
/* End PBXTargetDependency section */

/* Begin PBXVariantGroup section */
		DEE915A61722DE520085F570 /* InfoPlist.strings */ = {
			isa = PBXVariantGroup;
			children = (
				DEE915A71722DE520085F570 /* en */,
			);
			name = InfoPlist.strings;
			sourceTree = "<group>";
		};
		DEE915B81722DE520085F570 /* ViewController.xib */ = {
			isa = PBXVariantGroup;
			children = (
				DEE915B91722DE520085F570 /* en */,
			);
			name = ViewController.xib;
			sourceTree = "<group>";
		};
		DEE915CA1722DE520085F570 /* InfoPlist.strings */ = {
			isa = PBXVariantGroup;
			children = (
				DEE915CB1722DE520085F570 /* en */,
			);
			name = InfoPlist.strings;
			sourceTree = "<group>";
		};
		DEEFF6E417D67278001D7C6B /* ViewController7.xib */ = {
			isa = PBXVariantGroup;
			children = (
				DEEFF6E517D67278001D7C6B /* en */,
			);
			name = ViewController7.xib;
			sourceTree = "<group>";
		};
/* End PBXVariantGroup section */

/* Begin XCBuildConfiguration section */
		DE52AD0B17CE6D1000858FA4 /* Debug */ = {
			isa = XCBuildConfiguration;
			buildSettings = {
				GCC_PRECOMPILE_PREFIX_HEADER = YES;
				GCC_PREFIX_HEADER = "FastEasyConcurrentWebFetches/FastEasyConcurrentWebFetches-Prefix.pch";
				INFOPLIST_FILE = "FastEasyConcurrentWebFetches/FastEasyConcurrentWebFetches-Info.plist";
				IPHONEOS_DEPLOYMENT_TARGET = 7.0;
				PRODUCT_NAME = "FECWF For iOS7";
				WRAPPER_EXTENSION = app;
			};
			name = Debug;
		};
		DE52AD0C17CE6D1000858FA4 /* Release */ = {
			isa = XCBuildConfiguration;
			buildSettings = {
				GCC_PRECOMPILE_PREFIX_HEADER = YES;
				GCC_PREFIX_HEADER = "FastEasyConcurrentWebFetches/FastEasyConcurrentWebFetches-Prefix.pch";
				INFOPLIST_FILE = "FastEasyConcurrentWebFetches/FastEasyConcurrentWebFetches-Info.plist";
				IPHONEOS_DEPLOYMENT_TARGET = 7.0;
				PRODUCT_NAME = "FECWF For iOS7";
				WRAPPER_EXTENSION = app;
			};
			name = Release;
		};
		DE52AD0D17CE6D1000858FA4 /* ReleaseWithAsserts */ = {
			isa = XCBuildConfiguration;
			buildSettings = {
				GCC_PRECOMPILE_PREFIX_HEADER = YES;
				GCC_PREFIX_HEADER = "FastEasyConcurrentWebFetches/FastEasyConcurrentWebFetches-Prefix.pch";
				INFOPLIST_FILE = "FastEasyConcurrentWebFetches/FastEasyConcurrentWebFetches-Info.plist";
				IPHONEOS_DEPLOYMENT_TARGET = 7.0;
				PRODUCT_NAME = "FECWF For iOS7";
				WRAPPER_EXTENSION = app;
			};
			name = ReleaseWithAsserts;
		};
		DE52AD0E17CE6D1000858FA4 /* ReleaseWithAssertsUnitTests */ = {
			isa = XCBuildConfiguration;
			buildSettings = {
				GCC_PRECOMPILE_PREFIX_HEADER = YES;
				GCC_PREFIX_HEADER = "FastEasyConcurrentWebFetches/FastEasyConcurrentWebFetches-Prefix.pch";
				INFOPLIST_FILE = "FastEasyConcurrentWebFetches/FastEasyConcurrentWebFetches-Info.plist";
				IPHONEOS_DEPLOYMENT_TARGET = 7.0;
				PRODUCT_NAME = "FECWF For iOS7";
				WRAPPER_EXTENSION = app;
			};
			name = ReleaseWithAssertsUnitTests;
		};
		DE5D476D17D12D6300CD0FD5 /* Debug */ = {
			isa = XCBuildConfiguration;
			buildSettings = {
				BUNDLE_LOADER = "$(BUILT_PRODUCTS_DIR)/FECWF For iOS7.app/FECWF For iOS7";
				FRAMEWORK_SEARCH_PATHS = (
					"\"$(SDKROOT)/Developer/Library/Frameworks\"",
					"\"$(DEVELOPER_LIBRARY_DIR)/Frameworks\"",
				);
				GCC_PRECOMPILE_PREFIX_HEADER = YES;
				GCC_PREFIX_HEADER = "FastEasyConcurrentWebFetches/FastEasyConcurrentWebFetches-Prefix.pch";
				INFOPLIST_FILE = "FastEasyConcurrentWebFetchesTests/FastEasyConcurrentWebFetchesTests-Info.plist";
				IPHONEOS_DEPLOYMENT_TARGET = 7.0;
				PRODUCT_NAME = "FECWF iOS7 Tests";
				TEST_HOST = "$(BUNDLE_LOADER)";
				WRAPPER_EXTENSION = octest;
			};
			name = Debug;
		};
		DE5D476E17D12D6300CD0FD5 /* Release */ = {
			isa = XCBuildConfiguration;
			buildSettings = {
				BUNDLE_LOADER = "$(BUILT_PRODUCTS_DIR)/FECWF For iOS7.app/FECWF For iOS7";
				FRAMEWORK_SEARCH_PATHS = (
					"\"$(SDKROOT)/Developer/Library/Frameworks\"",
					"\"$(DEVELOPER_LIBRARY_DIR)/Frameworks\"",
				);
				GCC_PRECOMPILE_PREFIX_HEADER = YES;
				GCC_PREFIX_HEADER = "FastEasyConcurrentWebFetches/FastEasyConcurrentWebFetches-Prefix.pch";
				INFOPLIST_FILE = "FastEasyConcurrentWebFetchesTests/FastEasyConcurrentWebFetchesTests-Info.plist";
				IPHONEOS_DEPLOYMENT_TARGET = 7.0;
				PRODUCT_NAME = "FECWF iOS7 Tests";
				TEST_HOST = "$(BUNDLE_LOADER)";
				WRAPPER_EXTENSION = octest;
			};
			name = Release;
		};
		DE5D476F17D12D6300CD0FD5 /* ReleaseWithAsserts */ = {
			isa = XCBuildConfiguration;
			buildSettings = {
				BUNDLE_LOADER = "$(BUILT_PRODUCTS_DIR)/FECWF For iOS7.app/FECWF For iOS7";
				FRAMEWORK_SEARCH_PATHS = (
					"\"$(SDKROOT)/Developer/Library/Frameworks\"",
					"\"$(DEVELOPER_LIBRARY_DIR)/Frameworks\"",
				);
				GCC_PRECOMPILE_PREFIX_HEADER = YES;
				GCC_PREFIX_HEADER = "FastEasyConcurrentWebFetches/FastEasyConcurrentWebFetches-Prefix.pch";
				INFOPLIST_FILE = "FastEasyConcurrentWebFetchesTests/FastEasyConcurrentWebFetchesTests-Info.plist";
				IPHONEOS_DEPLOYMENT_TARGET = 7.0;
				PRODUCT_NAME = "FECWF iOS7 Tests";
				TEST_HOST = "$(BUNDLE_LOADER)";
				WRAPPER_EXTENSION = octest;
			};
			name = ReleaseWithAsserts;
		};
		DE5D477017D12D6300CD0FD5 /* ReleaseWithAssertsUnitTests */ = {
			isa = XCBuildConfiguration;
			buildSettings = {
				BUNDLE_LOADER = "$(BUILT_PRODUCTS_DIR)/FECWF For iOS7.app/FECWF For iOS7";
				FRAMEWORK_SEARCH_PATHS = (
					"\"$(SDKROOT)/Developer/Library/Frameworks\"",
					"\"$(DEVELOPER_LIBRARY_DIR)/Frameworks\"",
				);
				GCC_PRECOMPILE_PREFIX_HEADER = YES;
				GCC_PREFIX_HEADER = "FastEasyConcurrentWebFetches/FastEasyConcurrentWebFetches-Prefix.pch";
				INFOPLIST_FILE = "FastEasyConcurrentWebFetchesTests/FastEasyConcurrentWebFetchesTests-Info.plist";
				IPHONEOS_DEPLOYMENT_TARGET = 7.0;
				PRODUCT_NAME = "FECWF iOS7 Tests";
				TEST_HOST = "$(BUNDLE_LOADER)";
				WRAPPER_EXTENSION = octest;
			};
			name = ReleaseWithAssertsUnitTests;
		};
		DE956F431729C0500026179D /* ReleaseWithAssertsUnitTests */ = {
			isa = XCBuildConfiguration;
			buildSettings = {
				ALWAYS_SEARCH_USER_PATHS = NO;
				CLANG_CXX_LANGUAGE_STANDARD = "c++0x";
				CLANG_CXX_LIBRARY = "libc++";
				CLANG_ENABLE_OBJC_ARC = YES;
				CLANG_WARN_CONSTANT_CONVERSION = YES;
				CLANG_WARN_EMPTY_BODY = YES;
				CLANG_WARN_ENUM_CONVERSION = YES;
				CLANG_WARN_INT_CONVERSION = YES;
				CLANG_WARN__DUPLICATE_METHOD_MATCH = YES;
				"CODE_SIGN_IDENTITY[sdk=iphoneos*]" = "iPhone Developer";
				COPY_PHASE_STRIP = YES;
				GCC_C_LANGUAGE_STANDARD = c99;
				GCC_PREPROCESSOR_DEFINITIONS = (
					"$(inherited)",
					UNIT_TESTING,
					VERIFY_DEALLOC,
				);
				GCC_WARN_ABOUT_RETURN_TYPE = YES;
				GCC_WARN_UNINITIALIZED_AUTOS = YES;
				GCC_WARN_UNUSED_VARIABLE = YES;
				IPHONEOS_DEPLOYMENT_TARGET = 5.1;
				SDKROOT = iphoneos;
				VALIDATE_PRODUCT = YES;
			};
			name = ReleaseWithAssertsUnitTests;
		};
		DE956F441729C0500026179D /* ReleaseWithAssertsUnitTests */ = {
			isa = XCBuildConfiguration;
			buildSettings = {
				GCC_PRECOMPILE_PREFIX_HEADER = YES;
				GCC_PREFIX_HEADER = "FastEasyConcurrentWebFetches/FastEasyConcurrentWebFetches-Prefix.pch";
				INFOPLIST_FILE = "FastEasyConcurrentWebFetches/FastEasyConcurrentWebFetches-Info.plist";
				IPHONEOS_DEPLOYMENT_TARGET = 5.0;
				PRODUCT_NAME = "$(TARGET_NAME)";
				WRAPPER_EXTENSION = app;
			};
			name = ReleaseWithAssertsUnitTests;
		};
		DE956F451729C0500026179D /* ReleaseWithAssertsUnitTests */ = {
			isa = XCBuildConfiguration;
			buildSettings = {
				BUNDLE_LOADER = "$(BUILT_PRODUCTS_DIR)/FECWF For iOS5.app/FECWF For iOS5";
				FRAMEWORK_SEARCH_PATHS = (
					"\"$(SDKROOT)/Developer/Library/Frameworks\"",
					"\"$(DEVELOPER_LIBRARY_DIR)/Frameworks\"",
				);
				GCC_PRECOMPILE_PREFIX_HEADER = YES;
				GCC_PREFIX_HEADER = "FastEasyConcurrentWebFetches/FastEasyConcurrentWebFetches-Prefix.pch";
				INFOPLIST_FILE = "FastEasyConcurrentWebFetchesTests/FastEasyConcurrentWebFetchesTests-Info.plist";
				IPHONEOS_DEPLOYMENT_TARGET = 5.0;
				PRODUCT_NAME = "$(TARGET_NAME)";
				TEST_HOST = "$(BUNDLE_LOADER)";
				WRAPPER_EXTENSION = octest;
			};
			name = ReleaseWithAssertsUnitTests;
		};
		DECB1FF11733F9B40050C8F4 /* Debug */ = {
			isa = XCBuildConfiguration;
			buildSettings = {
				GCC_PRECOMPILE_PREFIX_HEADER = YES;
				GCC_PREFIX_HEADER = "FastEasyConcurrentWebFetches/FastEasyConcurrentWebFetches-Prefix.pch";
				INFOPLIST_FILE = "FastEasyConcurrentWebFetches/FastEasyConcurrentWebFetches-Info.plist";
				IPHONEOS_DEPLOYMENT_TARGET = 6.0;
				PRODUCT_NAME = "FECWF For iOS6";
				WRAPPER_EXTENSION = app;
			};
			name = Debug;
		};
		DECB1FF21733F9B40050C8F4 /* Release */ = {
			isa = XCBuildConfiguration;
			buildSettings = {
				GCC_PRECOMPILE_PREFIX_HEADER = YES;
				GCC_PREFIX_HEADER = "FastEasyConcurrentWebFetches/FastEasyConcurrentWebFetches-Prefix.pch";
				INFOPLIST_FILE = "FastEasyConcurrentWebFetches/FastEasyConcurrentWebFetches-Info.plist";
				IPHONEOS_DEPLOYMENT_TARGET = 6.0;
				PRODUCT_NAME = "FECWF For iOS6";
				WRAPPER_EXTENSION = app;
			};
			name = Release;
		};
		DECB1FF31733F9B40050C8F4 /* ReleaseWithAsserts */ = {
			isa = XCBuildConfiguration;
			buildSettings = {
				GCC_PRECOMPILE_PREFIX_HEADER = YES;
				GCC_PREFIX_HEADER = "FastEasyConcurrentWebFetches/FastEasyConcurrentWebFetches-Prefix.pch";
				INFOPLIST_FILE = "FastEasyConcurrentWebFetches/FastEasyConcurrentWebFetches-Info.plist";
				IPHONEOS_DEPLOYMENT_TARGET = 6.0;
				PRODUCT_NAME = "FECWF For iOS6";
				WRAPPER_EXTENSION = app;
			};
			name = ReleaseWithAsserts;
		};
		DECB1FF41733F9B40050C8F4 /* ReleaseWithAssertsUnitTests */ = {
			isa = XCBuildConfiguration;
			buildSettings = {
				GCC_PRECOMPILE_PREFIX_HEADER = YES;
				GCC_PREFIX_HEADER = "FastEasyConcurrentWebFetches/FastEasyConcurrentWebFetches-Prefix.pch";
				INFOPLIST_FILE = "FastEasyConcurrentWebFetches/FastEasyConcurrentWebFetches-Info.plist";
				IPHONEOS_DEPLOYMENT_TARGET = 6.0;
				PRODUCT_NAME = "FECWF For iOS6";
				WRAPPER_EXTENSION = app;
			};
			name = ReleaseWithAssertsUnitTests;
		};
		DECB20071733F9C70050C8F4 /* Debug */ = {
			isa = XCBuildConfiguration;
			buildSettings = {
				BUNDLE_LOADER = "$(BUILT_PRODUCTS_DIR)/FECWF For iOS6.app/FECWF For iOS6";
				FRAMEWORK_SEARCH_PATHS = (
					"\"$(SDKROOT)/Developer/Library/Frameworks\"",
					"\"$(DEVELOPER_LIBRARY_DIR)/Frameworks\"",
				);
				GCC_PRECOMPILE_PREFIX_HEADER = YES;
				GCC_PREFIX_HEADER = "FastEasyConcurrentWebFetches/FastEasyConcurrentWebFetches-Prefix.pch";
				INFOPLIST_FILE = "FastEasyConcurrentWebFetchesTests/FastEasyConcurrentWebFetchesTests-Info.plist";
				IPHONEOS_DEPLOYMENT_TARGET = 6.0;
				PRODUCT_NAME = "FECWF iOS6 Tests";
				TEST_HOST = "$(BUNDLE_LOADER)";
				WRAPPER_EXTENSION = octest;
			};
			name = Debug;
		};
		DECB20081733F9C70050C8F4 /* Release */ = {
			isa = XCBuildConfiguration;
			buildSettings = {
				BUNDLE_LOADER = "$(BUILT_PRODUCTS_DIR)/FECWF For iOS6.app/FECWF For iOS6";
				FRAMEWORK_SEARCH_PATHS = (
					"\"$(SDKROOT)/Developer/Library/Frameworks\"",
					"\"$(DEVELOPER_LIBRARY_DIR)/Frameworks\"",
				);
				GCC_PRECOMPILE_PREFIX_HEADER = YES;
				GCC_PREFIX_HEADER = "FastEasyConcurrentWebFetches/FastEasyConcurrentWebFetches-Prefix.pch";
				INFOPLIST_FILE = "FastEasyConcurrentWebFetchesTests/FastEasyConcurrentWebFetchesTests-Info.plist";
				IPHONEOS_DEPLOYMENT_TARGET = 6.0;
				PRODUCT_NAME = "FECWF iOS6 Tests";
				TEST_HOST = "$(BUNDLE_LOADER)";
				WRAPPER_EXTENSION = octest;
			};
			name = Release;
		};
		DECB20091733F9C70050C8F4 /* ReleaseWithAsserts */ = {
			isa = XCBuildConfiguration;
			buildSettings = {
				BUNDLE_LOADER = "$(BUILT_PRODUCTS_DIR)/FECWF For iOS6.app/FECWF For iOS6";
				FRAMEWORK_SEARCH_PATHS = (
					"\"$(SDKROOT)/Developer/Library/Frameworks\"",
					"\"$(DEVELOPER_LIBRARY_DIR)/Frameworks\"",
				);
				GCC_PRECOMPILE_PREFIX_HEADER = YES;
				GCC_PREFIX_HEADER = "FastEasyConcurrentWebFetches/FastEasyConcurrentWebFetches-Prefix.pch";
				INFOPLIST_FILE = "FastEasyConcurrentWebFetchesTests/FastEasyConcurrentWebFetchesTests-Info.plist";
				IPHONEOS_DEPLOYMENT_TARGET = 6.0;
				PRODUCT_NAME = "FECWF iOS6 Tests";
				TEST_HOST = "$(BUNDLE_LOADER)";
				WRAPPER_EXTENSION = octest;
			};
			name = ReleaseWithAsserts;
		};
		DECB200A1733F9C70050C8F4 /* ReleaseWithAssertsUnitTests */ = {
			isa = XCBuildConfiguration;
			buildSettings = {
				BUNDLE_LOADER = "$(BUILT_PRODUCTS_DIR)/FECWF For iOS6.app/FECWF For iOS6";
				FRAMEWORK_SEARCH_PATHS = (
					"\"$(SDKROOT)/Developer/Library/Frameworks\"",
					"\"$(DEVELOPER_LIBRARY_DIR)/Frameworks\"",
				);
				GCC_PRECOMPILE_PREFIX_HEADER = YES;
				GCC_PREFIX_HEADER = "FastEasyConcurrentWebFetches/FastEasyConcurrentWebFetches-Prefix.pch";
				INFOPLIST_FILE = "FastEasyConcurrentWebFetchesTests/FastEasyConcurrentWebFetchesTests-Info.plist";
				IPHONEOS_DEPLOYMENT_TARGET = 6.0;
				PRODUCT_NAME = "FECWF iOS6 Tests";
				TEST_HOST = "$(BUNDLE_LOADER)";
				WRAPPER_EXTENSION = octest;
			};
			name = ReleaseWithAssertsUnitTests;
		};
		DEE915D01722DE520085F570 /* Debug */ = {
			isa = XCBuildConfiguration;
			buildSettings = {
				ALWAYS_SEARCH_USER_PATHS = NO;
				CLANG_CXX_LANGUAGE_STANDARD = "c++0x";
				CLANG_CXX_LIBRARY = "libc++";
				CLANG_ENABLE_OBJC_ARC = YES;
				CLANG_WARN_CONSTANT_CONVERSION = YES;
				CLANG_WARN_EMPTY_BODY = YES;
				CLANG_WARN_ENUM_CONVERSION = YES;
				CLANG_WARN_INT_CONVERSION = YES;
				CLANG_WARN__DUPLICATE_METHOD_MATCH = YES;
				"CODE_SIGN_IDENTITY[sdk=iphoneos*]" = "iPhone Developer";
				COPY_PHASE_STRIP = NO;
				GCC_C_LANGUAGE_STANDARD = c99;
				GCC_DYNAMIC_NO_PIC = NO;
				GCC_OPTIMIZATION_LEVEL = 0;
				GCC_PREPROCESSOR_DEFINITIONS = (
					"DEBUG=1",
					"$(inherited)",
				);
				GCC_SYMBOLS_PRIVATE_EXTERN = NO;
				GCC_WARN_ABOUT_RETURN_TYPE = YES;
				GCC_WARN_UNINITIALIZED_AUTOS = YES;
				GCC_WARN_UNUSED_VARIABLE = YES;
				IPHONEOS_DEPLOYMENT_TARGET = 5.1;
				ONLY_ACTIVE_ARCH = YES;
				SDKROOT = iphoneos;
			};
			name = Debug;
		};
		DEE915D11722DE520085F570 /* Release */ = {
			isa = XCBuildConfiguration;
			buildSettings = {
				ALWAYS_SEARCH_USER_PATHS = NO;
				CLANG_CXX_LANGUAGE_STANDARD = "c++0x";
				CLANG_CXX_LIBRARY = "libc++";
				CLANG_ENABLE_OBJC_ARC = YES;
				CLANG_WARN_CONSTANT_CONVERSION = YES;
				CLANG_WARN_EMPTY_BODY = YES;
				CLANG_WARN_ENUM_CONVERSION = YES;
				CLANG_WARN_INT_CONVERSION = YES;
				CLANG_WARN__DUPLICATE_METHOD_MATCH = YES;
				"CODE_SIGN_IDENTITY[sdk=iphoneos*]" = "iPhone Developer";
				COPY_PHASE_STRIP = YES;
				GCC_C_LANGUAGE_STANDARD = c99;
				GCC_PREPROCESSOR_DEFINITIONS = (
					"$(inherited)",
					"NS_BLOCK_ASSERTIONS=1",
					NDEBUG,
				);
				GCC_WARN_ABOUT_RETURN_TYPE = YES;
				GCC_WARN_UNINITIALIZED_AUTOS = YES;
				GCC_WARN_UNUSED_VARIABLE = YES;
				IPHONEOS_DEPLOYMENT_TARGET = 5.1;
				SDKROOT = iphoneos;
				VALIDATE_PRODUCT = YES;
			};
			name = Release;
		};
		DEE915D31722DE520085F570 /* Debug */ = {
			isa = XCBuildConfiguration;
			buildSettings = {
				GCC_PRECOMPILE_PREFIX_HEADER = YES;
				GCC_PREFIX_HEADER = "FastEasyConcurrentWebFetches/FastEasyConcurrentWebFetches-Prefix.pch";
				INFOPLIST_FILE = "FastEasyConcurrentWebFetches/FastEasyConcurrentWebFetches-Info.plist";
				IPHONEOS_DEPLOYMENT_TARGET = 5.0;
				PRODUCT_NAME = "$(TARGET_NAME)";
				WRAPPER_EXTENSION = app;
			};
			name = Debug;
		};
		DEE915D41722DE520085F570 /* Release */ = {
			isa = XCBuildConfiguration;
			buildSettings = {
				GCC_PRECOMPILE_PREFIX_HEADER = YES;
				GCC_PREFIX_HEADER = "FastEasyConcurrentWebFetches/FastEasyConcurrentWebFetches-Prefix.pch";
				INFOPLIST_FILE = "FastEasyConcurrentWebFetches/FastEasyConcurrentWebFetches-Info.plist";
				IPHONEOS_DEPLOYMENT_TARGET = 5.0;
				PRODUCT_NAME = "$(TARGET_NAME)";
				WRAPPER_EXTENSION = app;
			};
			name = Release;
		};
		DEE915D61722DE520085F570 /* Debug */ = {
			isa = XCBuildConfiguration;
			buildSettings = {
				BUNDLE_LOADER = "$(BUILT_PRODUCTS_DIR)/FECWF For iOS5.app/FECWF For iOS5";
				FRAMEWORK_SEARCH_PATHS = (
					"\"$(SDKROOT)/Developer/Library/Frameworks\"",
					"\"$(DEVELOPER_LIBRARY_DIR)/Frameworks\"",
				);
				GCC_PRECOMPILE_PREFIX_HEADER = YES;
				GCC_PREFIX_HEADER = "FastEasyConcurrentWebFetches/FastEasyConcurrentWebFetches-Prefix.pch";
				INFOPLIST_FILE = "FastEasyConcurrentWebFetchesTests/FastEasyConcurrentWebFetchesTests-Info.plist";
				IPHONEOS_DEPLOYMENT_TARGET = 5.0;
				PRODUCT_NAME = "$(TARGET_NAME)";
				TEST_HOST = "$(BUNDLE_LOADER)";
				WRAPPER_EXTENSION = octest;
			};
			name = Debug;
		};
		DEE915D71722DE520085F570 /* Release */ = {
			isa = XCBuildConfiguration;
			buildSettings = {
				BUNDLE_LOADER = "$(BUILT_PRODUCTS_DIR)/FECWF For iOS5.app/FECWF For iOS5";
				FRAMEWORK_SEARCH_PATHS = (
					"\"$(SDKROOT)/Developer/Library/Frameworks\"",
					"\"$(DEVELOPER_LIBRARY_DIR)/Frameworks\"",
				);
				GCC_PRECOMPILE_PREFIX_HEADER = YES;
				GCC_PREFIX_HEADER = "FastEasyConcurrentWebFetches/FastEasyConcurrentWebFetches-Prefix.pch";
				INFOPLIST_FILE = "FastEasyConcurrentWebFetchesTests/FastEasyConcurrentWebFetchesTests-Info.plist";
				IPHONEOS_DEPLOYMENT_TARGET = 5.0;
				PRODUCT_NAME = "$(TARGET_NAME)";
				TEST_HOST = "$(BUNDLE_LOADER)";
				WRAPPER_EXTENSION = octest;
			};
			name = Release;
		};
		DEE915EC1722DF480085F570 /* ReleaseWithAsserts */ = {
			isa = XCBuildConfiguration;
			buildSettings = {
				ALWAYS_SEARCH_USER_PATHS = NO;
				CLANG_CXX_LANGUAGE_STANDARD = "c++0x";
				CLANG_CXX_LIBRARY = "libc++";
				CLANG_ENABLE_OBJC_ARC = YES;
				CLANG_WARN_CONSTANT_CONVERSION = YES;
				CLANG_WARN_EMPTY_BODY = YES;
				CLANG_WARN_ENUM_CONVERSION = YES;
				CLANG_WARN_INT_CONVERSION = YES;
				CLANG_WARN__DUPLICATE_METHOD_MATCH = YES;
				"CODE_SIGN_IDENTITY[sdk=iphoneos*]" = "iPhone Developer";
				COPY_PHASE_STRIP = YES;
				GCC_C_LANGUAGE_STANDARD = c99;
				GCC_PREPROCESSOR_DEFINITIONS = (
					"$(inherited)",
					VERIFY_DEALLOC,
				);
				GCC_WARN_ABOUT_RETURN_TYPE = YES;
				GCC_WARN_UNINITIALIZED_AUTOS = YES;
				GCC_WARN_UNUSED_VARIABLE = YES;
				IPHONEOS_DEPLOYMENT_TARGET = 5.1;
				SDKROOT = iphoneos;
				VALIDATE_PRODUCT = YES;
			};
			name = ReleaseWithAsserts;
		};
		DEE915ED1722DF480085F570 /* ReleaseWithAsserts */ = {
			isa = XCBuildConfiguration;
			buildSettings = {
				GCC_PRECOMPILE_PREFIX_HEADER = YES;
				GCC_PREFIX_HEADER = "FastEasyConcurrentWebFetches/FastEasyConcurrentWebFetches-Prefix.pch";
				INFOPLIST_FILE = "FastEasyConcurrentWebFetches/FastEasyConcurrentWebFetches-Info.plist";
				IPHONEOS_DEPLOYMENT_TARGET = 5.0;
				PRODUCT_NAME = "$(TARGET_NAME)";
				WRAPPER_EXTENSION = app;
			};
			name = ReleaseWithAsserts;
		};
		DEE915EE1722DF480085F570 /* ReleaseWithAsserts */ = {
			isa = XCBuildConfiguration;
			buildSettings = {
				BUNDLE_LOADER = "$(BUILT_PRODUCTS_DIR)/FECWF For iOS5.app/FECWF For iOS5";
				FRAMEWORK_SEARCH_PATHS = (
					"\"$(SDKROOT)/Developer/Library/Frameworks\"",
					"\"$(DEVELOPER_LIBRARY_DIR)/Frameworks\"",
				);
				GCC_PRECOMPILE_PREFIX_HEADER = YES;
				GCC_PREFIX_HEADER = "FastEasyConcurrentWebFetches/FastEasyConcurrentWebFetches-Prefix.pch";
				INFOPLIST_FILE = "FastEasyConcurrentWebFetchesTests/FastEasyConcurrentWebFetchesTests-Info.plist";
				IPHONEOS_DEPLOYMENT_TARGET = 5.0;
				PRODUCT_NAME = "$(TARGET_NAME)";
				TEST_HOST = "$(BUNDLE_LOADER)";
				WRAPPER_EXTENSION = octest;
			};
			name = ReleaseWithAsserts;
		};
/* End XCBuildConfiguration section */

/* Begin XCConfigurationList section */
		DE52AD0A17CE6D1000858FA4 /* Build configuration list for PBXNativeTarget "FECWF For iOS7" */ = {
			isa = XCConfigurationList;
			buildConfigurations = (
				DE52AD0B17CE6D1000858FA4 /* Debug */,
				DE52AD0C17CE6D1000858FA4 /* Release */,
				DE52AD0D17CE6D1000858FA4 /* ReleaseWithAsserts */,
				DE52AD0E17CE6D1000858FA4 /* ReleaseWithAssertsUnitTests */,
			);
			defaultConfigurationIsVisible = 0;
			defaultConfigurationName = Release;
		};
		DE5D476C17D12D6300CD0FD5 /* Build configuration list for PBXNativeTarget "FECWF iOS7 Tests" */ = {
			isa = XCConfigurationList;
			buildConfigurations = (
				DE5D476D17D12D6300CD0FD5 /* Debug */,
				DE5D476E17D12D6300CD0FD5 /* Release */,
				DE5D476F17D12D6300CD0FD5 /* ReleaseWithAsserts */,
				DE5D477017D12D6300CD0FD5 /* ReleaseWithAssertsUnitTests */,
			);
			defaultConfigurationIsVisible = 0;
			defaultConfigurationName = Release;
		};
		DECB1FF01733F9B40050C8F4 /* Build configuration list for PBXNativeTarget "FECWF For iOS6" */ = {
			isa = XCConfigurationList;
			buildConfigurations = (
				DECB1FF11733F9B40050C8F4 /* Debug */,
				DECB1FF21733F9B40050C8F4 /* Release */,
				DECB1FF31733F9B40050C8F4 /* ReleaseWithAsserts */,
				DECB1FF41733F9B40050C8F4 /* ReleaseWithAssertsUnitTests */,
			);
			defaultConfigurationIsVisible = 0;
			defaultConfigurationName = Release;
		};
		DECB20061733F9C70050C8F4 /* Build configuration list for PBXNativeTarget "FECWF iOS6 Tests" */ = {
			isa = XCConfigurationList;
			buildConfigurations = (
				DECB20071733F9C70050C8F4 /* Debug */,
				DECB20081733F9C70050C8F4 /* Release */,
				DECB20091733F9C70050C8F4 /* ReleaseWithAsserts */,
				DECB200A1733F9C70050C8F4 /* ReleaseWithAssertsUnitTests */,
			);
			defaultConfigurationIsVisible = 0;
			defaultConfigurationName = Release;
		};
		DEE915951722DE520085F570 /* Build configuration list for PBXProject "FastEasyConcurrentWebFetches" */ = {
			isa = XCConfigurationList;
			buildConfigurations = (
				DEE915D01722DE520085F570 /* Debug */,
				DEE915D11722DE520085F570 /* Release */,
				DEE915EC1722DF480085F570 /* ReleaseWithAsserts */,
				DE956F431729C0500026179D /* ReleaseWithAssertsUnitTests */,
			);
			defaultConfigurationIsVisible = 0;
			defaultConfigurationName = Release;
		};
		DEE915D21722DE520085F570 /* Build configuration list for PBXNativeTarget "FECWF For iOS5" */ = {
			isa = XCConfigurationList;
			buildConfigurations = (
				DEE915D31722DE520085F570 /* Debug */,
				DEE915D41722DE520085F570 /* Release */,
				DEE915ED1722DF480085F570 /* ReleaseWithAsserts */,
				DE956F441729C0500026179D /* ReleaseWithAssertsUnitTests */,
			);
			defaultConfigurationIsVisible = 0;
			defaultConfigurationName = Release;
		};
		DEE915D51722DE520085F570 /* Build configuration list for PBXNativeTarget "FECWF iOS5 Tests" */ = {
			isa = XCConfigurationList;
			buildConfigurations = (
				DEE915D61722DE520085F570 /* Debug */,
				DEE915D71722DE520085F570 /* Release */,
				DEE915EE1722DF480085F570 /* ReleaseWithAsserts */,
				DE956F451729C0500026179D /* ReleaseWithAssertsUnitTests */,
			);
			defaultConfigurationIsVisible = 0;
			defaultConfigurationName = Release;
		};
/* End XCConfigurationList section */
	};
	rootObject = DEE915921722DE520085F570 /* Project object */;
}
