// !$*UTF8*$!
{
	archiveVersion = 1;
	classes = {
	};
	objectVersion = 46;
	objects = {

/* Begin PBXBuildFile section */
		DE6D445219B623C100159316 /* main.m in Sources */ = {isa = PBXBuildFile; fileRef = DEE915A91722DE520085F570 /* main.m */; };
		DE6D445319B623C100159316 /* AppDelegate.m in Sources */ = {isa = PBXBuildFile; fileRef = DEE915AD1722DE520085F570 /* AppDelegate.m */; };
		DE6D445419B623C100159316 /* Tracker.m in Sources */ = {isa = PBXBuildFile; fileRef = DED5400117D9273C005698F0 /* Tracker.m */; };
		DE6D445819B623C100159316 /* ViewController.m in Sources */ = {isa = PBXBuildFile; fileRef = DEE915B61722DE520085F570 /* ViewController.m */; };
		DE6D445919B623C100159316 /* MyViewController.m in Sources */ = {isa = PBXBuildFile; fileRef = DEE915DA1722DEB20085F570 /* MyViewController.m */; };
		DE6D445C19B623C100159316 /* UIKit.framework in Frameworks */ = {isa = PBXBuildFile; fileRef = DEE9159D1722DE520085F570 /* UIKit.framework */; };
		DE6D445D19B623C100159316 /* Foundation.framework in Frameworks */ = {isa = PBXBuildFile; fileRef = DEE9159F1722DE520085F570 /* Foundation.framework */; };
		DE6D445E19B623C100159316 /* CoreGraphics.framework in Frameworks */ = {isa = PBXBuildFile; fileRef = DEE915A11722DE520085F570 /* CoreGraphics.framework */; };
		DE6D446019B623C100159316 /* InfoPlist.strings in Resources */ = {isa = PBXBuildFile; fileRef = DEE915A61722DE520085F570 /* InfoPlist.strings */; };
		DE6D446119B623C100159316 /* MyViewController7.xib in Resources */ = {isa = PBXBuildFile; fileRef = DE3BE70E17D67344006345BC /* MyViewController7.xib */; };
		DE6D446219B623C100159316 /* Default.png in Resources */ = {isa = PBXBuildFile; fileRef = DEE915AF1722DE520085F570 /* Default.png */; };
		DE6D446319B623C100159316 /* Default@2x.png in Resources */ = {isa = PBXBuildFile; fileRef = DEE915B11722DE520085F570 /* Default@2x.png */; };
		DE6D446419B623C100159316 /* Default-568h@2x.png in Resources */ = {isa = PBXBuildFile; fileRef = DEE915B31722DE520085F570 /* Default-568h@2x.png */; };
		DE6D446519B623C100159316 /* LICENSE.md in Resources */ = {isa = PBXBuildFile; fileRef = DEE915F41722EF380085F570 /* LICENSE.md */; };
		DE6D446619B623C100159316 /* README.md in Resources */ = {isa = PBXBuildFile; fileRef = DEE915F51722EF380085F570 /* README.md */; };
		DE6D446719B623C100159316 /* ViewController7.xib in Resources */ = {isa = PBXBuildFile; fileRef = DEEFF6E417D67278001D7C6B /* ViewController7.xib */; };
		DE6D447319B623D600159316 /* FECWF_Tests.m in Sources */ = {isa = PBXBuildFile; fileRef = DEE915CE1722DE520085F570 /* FECWF_Tests.m */; };
		DE6D447719B623D600159316 /* TestOperation.m in Sources */ = {isa = PBXBuildFile; fileRef = DE956F4F1729E2700026179D /* TestOperation.m */; };
		DE6D447A19B623D600159316 /* UIKit.framework in Frameworks */ = {isa = PBXBuildFile; fileRef = DEE9159D1722DE520085F570 /* UIKit.framework */; };
		DE6D447B19B623D600159316 /* Foundation.framework in Frameworks */ = {isa = PBXBuildFile; fileRef = DEE9159F1722DE520085F570 /* Foundation.framework */; };
		DE6D447D19B623D600159316 /* InfoPlist.strings in Resources */ = {isa = PBXBuildFile; fileRef = DEE915CA1722DE520085F570 /* InfoPlist.strings */; };
		DE6D449319B6254000159316 /* OperationsRunner8.m in Sources */ = {isa = PBXBuildFile; fileRef = DE6D448819B6254000159316 /* OperationsRunner8.m */; };
		DE6D449519B6254000159316 /* ORSessionDelegate.m in Sources */ = {isa = PBXBuildFile; fileRef = DE6D448B19B6254000159316 /* ORSessionDelegate.m */; };
		DE6D449919B6254000159316 /* URfetcher8.m in Sources */ = {isa = PBXBuildFile; fileRef = DE6D448F19B6254000159316 /* URfetcher8.m */; };
		DE6D449B19B6254000159316 /* WebFetcher8.m in Sources */ = {isa = PBXBuildFile; fileRef = DE6D449119B6254000159316 /* WebFetcher8.m */; };
/* End PBXBuildFile section */

/* Begin PBXFileReference section */
		DE3BE70E17D67344006345BC /* MyViewController7.xib */ = {isa = PBXFileReference; fileEncoding = 4; lastKnownFileType = file.xib; path = MyViewController7.xib; sourceTree = "<group>"; };
		DE6D446D19B623C100159316 /* FECWF For iOS8.app */ = {isa = PBXFileReference; explicitFileType = wrapper.application; includeInIndex = 0; path = "FECWF For iOS8.app"; sourceTree = BUILT_PRODUCTS_DIR; };
		DE6D448419B623D600159316 /* FECWF iOS7 Tests copy.octest */ = {isa = PBXFileReference; explicitFileType = wrapper.cfbundle; includeInIndex = 0; path = "FECWF iOS7 Tests copy.octest"; sourceTree = BUILT_PRODUCTS_DIR; };
		DE6D448719B6254000159316 /* OperationsRunner8.h */ = {isa = PBXFileReference; fileEncoding = 4; lastKnownFileType = sourcecode.c.h; path = OperationsRunner8.h; sourceTree = "<group>"; };
		DE6D448819B6254000159316 /* OperationsRunner8.m */ = {isa = PBXFileReference; fileEncoding = 4; lastKnownFileType = sourcecode.c.objc; path = OperationsRunner8.m; sourceTree = "<group>"; };
		DE6D448919B6254000159316 /* OperationsRunnerProtocol8.h */ = {isa = PBXFileReference; fileEncoding = 4; lastKnownFileType = sourcecode.c.h; path = OperationsRunnerProtocol8.h; sourceTree = "<group>"; };
		DE6D448A19B6254000159316 /* ORSessionDelegate.h */ = {isa = PBXFileReference; fileEncoding = 4; lastKnownFileType = sourcecode.c.h; path = ORSessionDelegate.h; sourceTree = "<group>"; };
		DE6D448B19B6254000159316 /* ORSessionDelegate.m */ = {isa = PBXFileReference; fileEncoding = 4; lastKnownFileType = sourcecode.c.objc; path = ORSessionDelegate.m; sourceTree = "<group>"; };
		DE6D448C19B6254000159316 /* RefSessionDelegate.h */ = {isa = PBXFileReference; fileEncoding = 4; lastKnownFileType = sourcecode.c.h; path = RefSessionDelegate.h; sourceTree = "<group>"; };
		DE6D448D19B6254000159316 /* RefSessionDelegate.m */ = {isa = PBXFileReference; fileEncoding = 4; lastKnownFileType = sourcecode.c.objc; path = RefSessionDelegate.m; sourceTree = "<group>"; };
		DE6D448E19B6254000159316 /* URfetcher8.h */ = {isa = PBXFileReference; fileEncoding = 4; lastKnownFileType = sourcecode.c.h; path = URfetcher8.h; sourceTree = "<group>"; };
		DE6D448F19B6254000159316 /* URfetcher8.m */ = {isa = PBXFileReference; fileEncoding = 4; lastKnownFileType = sourcecode.c.objc; path = URfetcher8.m; sourceTree = "<group>"; };
		DE6D449019B6254000159316 /* WebFetcher8.h */ = {isa = PBXFileReference; fileEncoding = 4; lastKnownFileType = sourcecode.c.h; path = WebFetcher8.h; sourceTree = "<group>"; };
		DE6D449119B6254000159316 /* WebFetcher8.m */ = {isa = PBXFileReference; fileEncoding = 4; lastKnownFileType = sourcecode.c.objc; path = WebFetcher8.m; sourceTree = "<group>"; };
		DE956F4E1729E1E70026179D /* TestOperationProtocol.h */ = {isa = PBXFileReference; lastKnownFileType = sourcecode.c.h; path = TestOperationProtocol.h; sourceTree = "<group>"; };
		DE956F4F1729E2700026179D /* TestOperation.m */ = {isa = PBXFileReference; fileEncoding = 4; lastKnownFileType = sourcecode.c.objc; path = TestOperation.m; sourceTree = "<group>"; };
		DE956F501729E2700026179D /* TestOperation.h */ = {isa = PBXFileReference; fileEncoding = 4; lastKnownFileType = sourcecode.c.h; lineEnding = 0; path = TestOperation.h; sourceTree = "<group>"; xcLanguageSpecificationIdentifier = xcode.lang.objcpp; };
		DECB202D17343EF80050C8F4 /* PrintMe */ = {isa = PBXFileReference; lastKnownFileType = text; path = PrintMe; sourceTree = "<group>"; };
		DED5400017D9273C005698F0 /* Tracker.h */ = {isa = PBXFileReference; fileEncoding = 4; lastKnownFileType = sourcecode.c.h; path = Tracker.h; sourceTree = "<group>"; };
		DED5400117D9273C005698F0 /* Tracker.m */ = {isa = PBXFileReference; fileEncoding = 4; lastKnownFileType = sourcecode.c.objc; path = Tracker.m; sourceTree = "<group>"; };
		DEE9159D1722DE520085F570 /* UIKit.framework */ = {isa = PBXFileReference; lastKnownFileType = wrapper.framework; name = UIKit.framework; path = System/Library/Frameworks/UIKit.framework; sourceTree = SDKROOT; };
		DEE9159F1722DE520085F570 /* Foundation.framework */ = {isa = PBXFileReference; lastKnownFileType = wrapper.framework; name = Foundation.framework; path = System/Library/Frameworks/Foundation.framework; sourceTree = SDKROOT; };
		DEE915A11722DE520085F570 /* CoreGraphics.framework */ = {isa = PBXFileReference; lastKnownFileType = wrapper.framework; name = CoreGraphics.framework; path = System/Library/Frameworks/CoreGraphics.framework; sourceTree = SDKROOT; };
		DEE915A51722DE520085F570 /* FastEasyConcurrentWebFetches-Info.plist */ = {isa = PBXFileReference; lastKnownFileType = text.plist.xml; path = "FastEasyConcurrentWebFetches-Info.plist"; sourceTree = "<group>"; };
		DEE915A71722DE520085F570 /* en */ = {isa = PBXFileReference; lastKnownFileType = text.plist.strings; name = en; path = en.lproj/InfoPlist.strings; sourceTree = "<group>"; };
		DEE915A91722DE520085F570 /* main.m */ = {isa = PBXFileReference; lastKnownFileType = sourcecode.c.objc; path = main.m; sourceTree = "<group>"; };
		DEE915AB1722DE520085F570 /* FastEasyConcurrentWebFetches-Prefix.pch */ = {isa = PBXFileReference; lastKnownFileType = sourcecode.c.h; lineEnding = 0; path = "FastEasyConcurrentWebFetches-Prefix.pch"; sourceTree = "<group>"; xcLanguageSpecificationIdentifier = xcode.lang.objc; };
		DEE915AC1722DE520085F570 /* AppDelegate.h */ = {isa = PBXFileReference; lastKnownFileType = sourcecode.c.h; path = AppDelegate.h; sourceTree = "<group>"; };
		DEE915AD1722DE520085F570 /* AppDelegate.m */ = {isa = PBXFileReference; lastKnownFileType = sourcecode.c.objc; path = AppDelegate.m; sourceTree = "<group>"; };
		DEE915AF1722DE520085F570 /* Default.png */ = {isa = PBXFileReference; lastKnownFileType = image.png; path = Default.png; sourceTree = "<group>"; };
		DEE915B11722DE520085F570 /* Default@2x.png */ = {isa = PBXFileReference; lastKnownFileType = image.png; path = "Default@2x.png"; sourceTree = "<group>"; };
		DEE915B31722DE520085F570 /* Default-568h@2x.png */ = {isa = PBXFileReference; lastKnownFileType = image.png; path = "Default-568h@2x.png"; sourceTree = "<group>"; };
		DEE915B51722DE520085F570 /* ViewController.h */ = {isa = PBXFileReference; lastKnownFileType = sourcecode.c.h; path = ViewController.h; sourceTree = "<group>"; };
		DEE915B61722DE520085F570 /* ViewController.m */ = {isa = PBXFileReference; lastKnownFileType = sourcecode.c.objc; path = ViewController.m; sourceTree = "<group>"; };
		DEE915B91722DE520085F570 /* en */ = {isa = PBXFileReference; lastKnownFileType = file.xib; name = en; path = en.lproj/ViewController.xib; sourceTree = "<group>"; };
		DEE915C91722DE520085F570 /* FastEasyConcurrentWebFetchesTests-Info.plist */ = {isa = PBXFileReference; lastKnownFileType = text.plist.xml; path = "FastEasyConcurrentWebFetchesTests-Info.plist"; sourceTree = "<group>"; };
		DEE915CB1722DE520085F570 /* en */ = {isa = PBXFileReference; lastKnownFileType = text.plist.strings; name = en; path = en.lproj/InfoPlist.strings; sourceTree = "<group>"; };
		DEE915CD1722DE520085F570 /* FECWF_Tests.h */ = {isa = PBXFileReference; lastKnownFileType = sourcecode.c.h; path = FECWF_Tests.h; sourceTree = "<group>"; };
		DEE915CE1722DE520085F570 /* FECWF_Tests.m */ = {isa = PBXFileReference; lastKnownFileType = sourcecode.c.objc; lineEnding = 0; path = FECWF_Tests.m; sourceTree = "<group>"; xcLanguageSpecificationIdentifier = xcode.lang.objc; };
		DEE915D91722DEB20085F570 /* MyViewController.h */ = {isa = PBXFileReference; fileEncoding = 4; lastKnownFileType = sourcecode.c.h; path = MyViewController.h; sourceTree = "<group>"; };
		DEE915DA1722DEB20085F570 /* MyViewController.m */ = {isa = PBXFileReference; fileEncoding = 4; lastKnownFileType = sourcecode.c.objc; lineEnding = 0; path = MyViewController.m; sourceTree = "<group>"; xcLanguageSpecificationIdentifier = xcode.lang.objc; };
		DEE915DB1722DEB20085F570 /* MyViewController.xib */ = {isa = PBXFileReference; fileEncoding = 4; lastKnownFileType = file.xib; path = MyViewController.xib; sourceTree = "<group>"; };
		DEE915F41722EF380085F570 /* LICENSE.md */ = {isa = PBXFileReference; fileEncoding = 4; lastKnownFileType = text; path = LICENSE.md; sourceTree = SOURCE_ROOT; };
		DEE915F51722EF380085F570 /* README.md */ = {isa = PBXFileReference; fileEncoding = 4; lastKnownFileType = text; lineEnding = 0; path = README.md; sourceTree = SOURCE_ROOT; };
		DEEFF6E517D67278001D7C6B /* en */ = {isa = PBXFileReference; lastKnownFileType = file.xib; name = en; path = en.lproj/ViewController7.xib; sourceTree = "<group>"; };
/* End PBXFileReference section */

/* Begin PBXFrameworksBuildPhase section */
		DE6D445B19B623C100159316 /* Frameworks */ = {
			isa = PBXFrameworksBuildPhase;
			buildActionMask = 2147483647;
			files = (
				DE6D445C19B623C100159316 /* UIKit.framework in Frameworks */,
				DE6D445D19B623C100159316 /* Foundation.framework in Frameworks */,
				DE6D445E19B623C100159316 /* CoreGraphics.framework in Frameworks */,
			);
			runOnlyForDeploymentPostprocessing = 0;
		};
		DE6D447819B623D600159316 /* Frameworks */ = {
			isa = PBXFrameworksBuildPhase;
			buildActionMask = 2147483647;
			files = (
				DE6D447A19B623D600159316 /* UIKit.framework in Frameworks */,
				DE6D447B19B623D600159316 /* Foundation.framework in Frameworks */,
			);
			runOnlyForDeploymentPostprocessing = 0;
		};
/* End PBXFrameworksBuildPhase section */

/* Begin PBXGroup section */
		DE6D448619B6253F00159316 /* WhatYouNeediOS8+ */ = {
			isa = PBXGroup;
			children = (
				DE6D448919B6254000159316 /* OperationsRunnerProtocol8.h */,
				DE6D448719B6254000159316 /* OperationsRunner8.h */,
				DE6D448819B6254000159316 /* OperationsRunner8.m */,
				DE6D448A19B6254000159316 /* ORSessionDelegate.h */,
				DE6D448B19B6254000159316 /* ORSessionDelegate.m */,
				DE6D448C19B6254000159316 /* RefSessionDelegate.h */,
				DE6D448D19B6254000159316 /* RefSessionDelegate.m */,
				DE6D448E19B6254000159316 /* URfetcher8.h */,
				DE6D448F19B6254000159316 /* URfetcher8.m */,
				DE6D449019B6254000159316 /* WebFetcher8.h */,
				DE6D449119B6254000159316 /* WebFetcher8.m */,
			);
			path = "WhatYouNeediOS8+";
			sourceTree = SOURCE_ROOT;
		};
		DEE915911722DE520085F570 = {
			isa = PBXGroup;
			children = (
				DEE915A31722DE520085F570 /* FastEasyConcurrentWebFetches */,
				DEE915C71722DE520085F570 /* FastEasyConcurrentWebFetchesTests */,
				DEE9159C1722DE520085F570 /* Frameworks */,
				DEE9159B1722DE520085F570 /* Products */,
			);
			sourceTree = "<group>";
		};
		DEE9159B1722DE520085F570 /* Products */ = {
			isa = PBXGroup;
			children = (
				DE6D446D19B623C100159316 /* FECWF For iOS8.app */,
				DE6D448419B623D600159316 /* FECWF iOS7 Tests copy.octest */,
			);
			name = Products;
			sourceTree = "<group>";
		};
		DEE9159C1722DE520085F570 /* Frameworks */ = {
			isa = PBXGroup;
			children = (
				DEE9159D1722DE520085F570 /* UIKit.framework */,
				DEE9159F1722DE520085F570 /* Foundation.framework */,
				DEE915A11722DE520085F570 /* CoreGraphics.framework */,
			);
			name = Frameworks;
			sourceTree = "<group>";
		};
		DEE915A31722DE520085F570 /* FastEasyConcurrentWebFetches */ = {
			isa = PBXGroup;
			children = (
				DEE915F51722EF380085F570 /* README.md */,
				DEE915F41722EF380085F570 /* LICENSE.md */,
				DE6D448619B6253F00159316 /* WhatYouNeediOS8+ */,
				DEE915D91722DEB20085F570 /* MyViewController.h */,
				DEE915DA1722DEB20085F570 /* MyViewController.m */,
				DEE915DB1722DEB20085F570 /* MyViewController.xib */,
				DE3BE70E17D67344006345BC /* MyViewController7.xib */,
				DEE915AC1722DE520085F570 /* AppDelegate.h */,
				DEE915AD1722DE520085F570 /* AppDelegate.m */,
				DEE915B51722DE520085F570 /* ViewController.h */,
				DEE915B61722DE520085F570 /* ViewController.m */,
				DEE915B81722DE520085F570 /* ViewController.xib */,
				DEEFF6E417D67278001D7C6B /* ViewController7.xib */,
				DEE915A41722DE520085F570 /* Supporting Files */,
			);
			path = FastEasyConcurrentWebFetches;
			sourceTree = "<group>";
		};
		DEE915A41722DE520085F570 /* Supporting Files */ = {
			isa = PBXGroup;
			children = (
				DED5400017D9273C005698F0 /* Tracker.h */,
				DED5400117D9273C005698F0 /* Tracker.m */,
				DEE915A51722DE520085F570 /* FastEasyConcurrentWebFetches-Info.plist */,
				DEE915A61722DE520085F570 /* InfoPlist.strings */,
				DEE915A91722DE520085F570 /* main.m */,
				DEE915AB1722DE520085F570 /* FastEasyConcurrentWebFetches-Prefix.pch */,
				DEE915AF1722DE520085F570 /* Default.png */,
				DEE915B11722DE520085F570 /* Default@2x.png */,
				DEE915B31722DE520085F570 /* Default-568h@2x.png */,
			);
			name = "Supporting Files";
			sourceTree = "<group>";
		};
		DEE915C71722DE520085F570 /* FastEasyConcurrentWebFetchesTests */ = {
			isa = PBXGroup;
			children = (
				DEE915CD1722DE520085F570 /* FECWF_Tests.h */,
				DEE915CE1722DE520085F570 /* FECWF_Tests.m */,
				DE956F4E1729E1E70026179D /* TestOperationProtocol.h */,
				DE956F501729E2700026179D /* TestOperation.h */,
				DE956F4F1729E2700026179D /* TestOperation.m */,
				DEE915C81722DE520085F570 /* Supporting Files */,
			);
			path = FastEasyConcurrentWebFetchesTests;
			sourceTree = "<group>";
		};
		DEE915C81722DE520085F570 /* Supporting Files */ = {
			isa = PBXGroup;
			children = (
				DEE915C91722DE520085F570 /* FastEasyConcurrentWebFetchesTests-Info.plist */,
				DEE915CA1722DE520085F570 /* InfoPlist.strings */,
				DECB202D17343EF80050C8F4 /* PrintMe */,
			);
			name = "Supporting Files";
			sourceTree = "<group>";
		};
/* End PBXGroup section */

/* Begin PBXNativeTarget section */
		DE6D445019B623C100159316 /* FECWF For iOS8 */ = {
			isa = PBXNativeTarget;
			buildConfigurationList = DE6D446819B623C100159316 /* Build configuration list for PBXNativeTarget "FECWF For iOS8" */;
			buildPhases = (
				DE6D445119B623C100159316 /* Sources */,
				DE6D445B19B623C100159316 /* Frameworks */,
				DE6D445F19B623C100159316 /* Resources */,
			);
			buildRules = (
			);
			dependencies = (
			);
			name = "FECWF For iOS8";
			productName = FastEasyConcurrentWebFetches;
			productReference = DE6D446D19B623C100159316 /* FECWF For iOS8.app */;
			productType = "com.apple.product-type.application";
		};
		DE6D446F19B623D600159316 /* FECWF iOS8 Tests */ = {
			isa = PBXNativeTarget;
			buildConfigurationList = DE6D447F19B623D600159316 /* Build configuration list for PBXNativeTarget "FECWF iOS8 Tests" */;
			buildPhases = (
				DE6D447219B623D600159316 /* Sources */,
				DE6D447819B623D600159316 /* Frameworks */,
				DE6D447C19B623D600159316 /* Resources */,
				DE6D447E19B623D600159316 /* ShellScript */,
			);
			buildRules = (
			);
			dependencies = (
			);
			name = "FECWF iOS8 Tests";
			productName = FastEasyConcurrentWebFetchesTests;
			productReference = DE6D448419B623D600159316 /* FECWF iOS7 Tests copy.octest */;
			productType = "com.apple.product-type.bundle.ocunit-test";
		};
/* End PBXNativeTarget section */

/* Begin PBXProject section */
		DEE915921722DE520085F570 /* Project object */ = {
			isa = PBXProject;
			attributes = {
				LastUpgradeCheck = 0720;
				ORGANIZATIONNAME = dhoerl;
			};
			buildConfigurationList = DEE915951722DE520085F570 /* Build configuration list for PBXProject "FastEasyConcurrentWebFetches" */;
			compatibilityVersion = "Xcode 3.2";
			developmentRegion = English;
			hasScannedForEncodings = 0;
			knownRegions = (
				en,
			);
			mainGroup = DEE915911722DE520085F570;
			productRefGroup = DEE9159B1722DE520085F570 /* Products */;
			projectDirPath = "";
			projectRoot = "";
			targets = (
				DE6D445019B623C100159316 /* FECWF For iOS8 */,
				DE6D446F19B623D600159316 /* FECWF iOS8 Tests */,
			);
		};
/* End PBXProject section */

/* Begin PBXResourcesBuildPhase section */
		DE6D445F19B623C100159316 /* Resources */ = {
			isa = PBXResourcesBuildPhase;
			buildActionMask = 2147483647;
			files = (
				DE6D446019B623C100159316 /* InfoPlist.strings in Resources */,
				DE6D446119B623C100159316 /* MyViewController7.xib in Resources */,
				DE6D446219B623C100159316 /* Default.png in Resources */,
				DE6D446319B623C100159316 /* Default@2x.png in Resources */,
				DE6D446419B623C100159316 /* Default-568h@2x.png in Resources */,
				DE6D446519B623C100159316 /* LICENSE.md in Resources */,
				DE6D446619B623C100159316 /* README.md in Resources */,
				DE6D446719B623C100159316 /* ViewController7.xib in Resources */,
			);
			runOnlyForDeploymentPostprocessing = 0;
		};
		DE6D447C19B623D600159316 /* Resources */ = {
			isa = PBXResourcesBuildPhase;
			buildActionMask = 2147483647;
			files = (
				DE6D447D19B623D600159316 /* InfoPlist.strings in Resources */,
			);
			runOnlyForDeploymentPostprocessing = 0;
		};
/* End PBXResourcesBuildPhase section */

/* Begin PBXShellScriptBuildPhase section */
		DE6D447E19B623D600159316 /* ShellScript */ = {
			isa = PBXShellScriptBuildPhase;
			buildActionMask = 2147483647;
			files = (
			);
			inputPaths = (
			);
			outputPaths = (
			);
			runOnlyForDeploymentPostprocessing = 0;
			shellPath = /bin/sh;
			shellScript = "# Run the unit tests in this test bundle.\n\"${SYSTEM_DEVELOPER_DIR}/Tools/RunUnitTests\"\n";
		};
/* End PBXShellScriptBuildPhase section */

/* Begin PBXSourcesBuildPhase section */
		DE6D445119B623C100159316 /* Sources */ = {
			isa = PBXSourcesBuildPhase;
			buildActionMask = 2147483647;
			files = (
				DE6D445219B623C100159316 /* main.m in Sources */,
				DE6D445319B623C100159316 /* AppDelegate.m in Sources */,
				DE6D445919B623C100159316 /* MyViewController.m in Sources */,
				DE6D449319B6254000159316 /* OperationsRunner8.m in Sources */,
				DE6D449519B6254000159316 /* ORSessionDelegate.m in Sources */,
				DE6D445419B623C100159316 /* Tracker.m in Sources */,
				DE6D449919B6254000159316 /* URfetcher8.m in Sources */,
				DE6D445819B623C100159316 /* ViewController.m in Sources */,
				DE6D449B19B6254000159316 /* WebFetcher8.m in Sources */,
			);
			runOnlyForDeploymentPostprocessing = 0;
		};
		DE6D447219B623D600159316 /* Sources */ = {
			isa = PBXSourcesBuildPhase;
			buildActionMask = 2147483647;
			files = (
				DE6D447319B623D600159316 /* FECWF_Tests.m in Sources */,
				DE6D447719B623D600159316 /* TestOperation.m in Sources */,
			);
			runOnlyForDeploymentPostprocessing = 0;
		};
/* End PBXSourcesBuildPhase section */

/* Begin PBXVariantGroup section */
		DEE915A61722DE520085F570 /* InfoPlist.strings */ = {
			isa = PBXVariantGroup;
			children = (
				DEE915A71722DE520085F570 /* en */,
			);
			name = InfoPlist.strings;
			sourceTree = "<group>";
		};
		DEE915B81722DE520085F570 /* ViewController.xib */ = {
			isa = PBXVariantGroup;
			children = (
				DEE915B91722DE520085F570 /* en */,
			);
			name = ViewController.xib;
			sourceTree = "<group>";
		};
		DEE915CA1722DE520085F570 /* InfoPlist.strings */ = {
			isa = PBXVariantGroup;
			children = (
				DEE915CB1722DE520085F570 /* en */,
			);
			name = InfoPlist.strings;
			sourceTree = "<group>";
		};
		DEEFF6E417D67278001D7C6B /* ViewController7.xib */ = {
			isa = PBXVariantGroup;
			children = (
				DEEFF6E517D67278001D7C6B /* en */,
			);
			name = ViewController7.xib;
			sourceTree = "<group>";
		};
/* End PBXVariantGroup section */

/* Begin XCBuildConfiguration section */
		DE6D446919B623C100159316 /* Debug */ = {
			isa = XCBuildConfiguration;
			buildSettings = {
				GCC_PRECOMPILE_PREFIX_HEADER = NO;
				GCC_PREFIX_HEADER = "";
				INFOPLIST_FILE = "FastEasyConcurrentWebFetches/FastEasyConcurrentWebFetches-Info.plist";
				IPHONEOS_DEPLOYMENT_TARGET = 9.2;
				PRODUCT_BUNDLE_IDENTIFIER = "company.dfh.${PRODUCT_NAME:rfc1034identifier}";
				PRODUCT_NAME = "FECWF For iOS8";
				WRAPPER_EXTENSION = app;
			};
			name = Debug;
		};
		DE6D446A19B623C100159316 /* Release */ = {
			isa = XCBuildConfiguration;
			buildSettings = {
				GCC_PRECOMPILE_PREFIX_HEADER = NO;
				GCC_PREFIX_HEADER = "";
				INFOPLIST_FILE = "FastEasyConcurrentWebFetches/FastEasyConcurrentWebFetches-Info.plist";
				IPHONEOS_DEPLOYMENT_TARGET = 9.2;
				PRODUCT_BUNDLE_IDENTIFIER = "company.dfh.${PRODUCT_NAME:rfc1034identifier}";
				PRODUCT_NAME = "FECWF For iOS8";
				WRAPPER_EXTENSION = app;
			};
			name = Release;
		};
		DE6D446B19B623C100159316 /* ReleaseWithAsserts */ = {
			isa = XCBuildConfiguration;
			buildSettings = {
				GCC_PRECOMPILE_PREFIX_HEADER = NO;
				GCC_PREFIX_HEADER = "";
				INFOPLIST_FILE = "FastEasyConcurrentWebFetches/FastEasyConcurrentWebFetches-Info.plist";
				IPHONEOS_DEPLOYMENT_TARGET = 9.2;
				PRODUCT_BUNDLE_IDENTIFIER = "company.dfh.${PRODUCT_NAME:rfc1034identifier}";
				PRODUCT_NAME = "FECWF For iOS8";
				WRAPPER_EXTENSION = app;
			};
			name = ReleaseWithAsserts;
		};
		DE6D446C19B623C100159316 /* ReleaseWithAssertsUnitTests */ = {
			isa = XCBuildConfiguration;
			buildSettings = {
				GCC_PRECOMPILE_PREFIX_HEADER = NO;
				GCC_PREFIX_HEADER = "";
				INFOPLIST_FILE = "FastEasyConcurrentWebFetches/FastEasyConcurrentWebFetches-Info.plist";
				IPHONEOS_DEPLOYMENT_TARGET = 9.2;
				PRODUCT_BUNDLE_IDENTIFIER = "company.dfh.${PRODUCT_NAME:rfc1034identifier}";
				PRODUCT_NAME = "FECWF For iOS8";
				WRAPPER_EXTENSION = app;
			};
			name = ReleaseWithAssertsUnitTests;
		};
		DE6D448019B623D600159316 /* Debug */ = {
			isa = XCBuildConfiguration;
			buildSettings = {
				BUNDLE_LOADER = "$(BUILT_PRODUCTS_DIR)/FECWF For iOS7.app/FECWF For iOS7";
				FRAMEWORK_SEARCH_PATHS = (
					"\"$(SDKROOT)/Developer/Library/Frameworks\"",
					"\"$(DEVELOPER_LIBRARY_DIR)/Frameworks\"",
				);
				GCC_PRECOMPILE_PREFIX_HEADER = YES;
				GCC_PREFIX_HEADER = "FastEasyConcurrentWebFetches/FastEasyConcurrentWebFetches-Prefix.pch";
				INFOPLIST_FILE = "FECWF iOS7 Tests copy-Info.plist";
				IPHONEOS_DEPLOYMENT_TARGET = 7.0;
				PRODUCT_BUNDLE_IDENTIFIER = "com.dhoerl.operations-runner.${PRODUCT_NAME:rfc1034identifier}";
				PRODUCT_NAME = "FECWF iOS7 Tests copy";
				TEST_HOST = "$(BUNDLE_LOADER)";
				WRAPPER_EXTENSION = octest;
			};
			name = Debug;
		};
		DE6D448119B623D600159316 /* Release */ = {
			isa = XCBuildConfiguration;
			buildSettings = {
				BUNDLE_LOADER = "$(BUILT_PRODUCTS_DIR)/FECWF For iOS7.app/FECWF For iOS7";
				FRAMEWORK_SEARCH_PATHS = (
					"\"$(SDKROOT)/Developer/Library/Frameworks\"",
					"\"$(DEVELOPER_LIBRARY_DIR)/Frameworks\"",
				);
				GCC_PRECOMPILE_PREFIX_HEADER = YES;
				GCC_PREFIX_HEADER = "FastEasyConcurrentWebFetches/FastEasyConcurrentWebFetches-Prefix.pch";
				INFOPLIST_FILE = "FECWF iOS7 Tests copy-Info.plist";
				IPHONEOS_DEPLOYMENT_TARGET = 7.0;
				PRODUCT_BUNDLE_IDENTIFIER = "com.dhoerl.operations-runner.${PRODUCT_NAME:rfc1034identifier}";
				PRODUCT_NAME = "FECWF iOS7 Tests copy";
				TEST_HOST = "$(BUNDLE_LOADER)";
				WRAPPER_EXTENSION = octest;
			};
			name = Release;
		};
		DE6D448219B623D600159316 /* ReleaseWithAsserts */ = {
			isa = XCBuildConfiguration;
			buildSettings = {
				BUNDLE_LOADER = "$(BUILT_PRODUCTS_DIR)/FECWF For iOS7.app/FECWF For iOS7";
				FRAMEWORK_SEARCH_PATHS = (
					"\"$(SDKROOT)/Developer/Library/Frameworks\"",
					"\"$(DEVELOPER_LIBRARY_DIR)/Frameworks\"",
				);
				GCC_PRECOMPILE_PREFIX_HEADER = YES;
				GCC_PREFIX_HEADER = "FastEasyConcurrentWebFetches/FastEasyConcurrentWebFetches-Prefix.pch";
				INFOPLIST_FILE = "FECWF iOS7 Tests copy-Info.plist";
				IPHONEOS_DEPLOYMENT_TARGET = 7.0;
				PRODUCT_BUNDLE_IDENTIFIER = "com.dhoerl.operations-runner.${PRODUCT_NAME:rfc1034identifier}";
				PRODUCT_NAME = "FECWF iOS7 Tests copy";
				TEST_HOST = "$(BUNDLE_LOADER)";
				WRAPPER_EXTENSION = octest;
			};
			name = ReleaseWithAsserts;
		};
		DE6D448319B623D600159316 /* ReleaseWithAssertsUnitTests */ = {
			isa = XCBuildConfiguration;
			buildSettings = {
				BUNDLE_LOADER = "$(BUILT_PRODUCTS_DIR)/FECWF For iOS7.app/FECWF For iOS7";
				FRAMEWORK_SEARCH_PATHS = (
					"\"$(SDKROOT)/Developer/Library/Frameworks\"",
					"\"$(DEVELOPER_LIBRARY_DIR)/Frameworks\"",
				);
				GCC_PRECOMPILE_PREFIX_HEADER = YES;
				GCC_PREFIX_HEADER = "FastEasyConcurrentWebFetches/FastEasyConcurrentWebFetches-Prefix.pch";
				INFOPLIST_FILE = "FECWF iOS7 Tests copy-Info.plist";
				IPHONEOS_DEPLOYMENT_TARGET = 7.0;
				PRODUCT_BUNDLE_IDENTIFIER = "com.dhoerl.operations-runner.${PRODUCT_NAME:rfc1034identifier}";
				PRODUCT_NAME = "FECWF iOS7 Tests copy";
				TEST_HOST = "$(BUNDLE_LOADER)";
				WRAPPER_EXTENSION = octest;
			};
			name = ReleaseWithAssertsUnitTests;
		};
		DE956F431729C0500026179D /* ReleaseWithAssertsUnitTests */ = {
			isa = XCBuildConfiguration;
			buildSettings = {
				ALWAYS_SEARCH_USER_PATHS = NO;
				CLANG_CXX_LANGUAGE_STANDARD = "c++0x";
				CLANG_CXX_LIBRARY = "libc++";
				CLANG_ENABLE_OBJC_ARC = YES;
				CLANG_WARN_CONSTANT_CONVERSION = YES;
				CLANG_WARN_EMPTY_BODY = YES;
				CLANG_WARN_ENUM_CONVERSION = YES;
				CLANG_WARN_INT_CONVERSION = YES;
				CLANG_WARN__DUPLICATE_METHOD_MATCH = YES;
				"CODE_SIGN_IDENTITY[sdk=iphoneos*]" = "iPhone Developer";
				COPY_PHASE_STRIP = YES;
				GCC_C_LANGUAGE_STANDARD = c99;
				GCC_PREPROCESSOR_DEFINITIONS = (
					"$(inherited)",
					UNIT_TESTING,
					VERIFY_DEALLOC,
				);
				GCC_WARN_ABOUT_RETURN_TYPE = YES;
				GCC_WARN_UNINITIALIZED_AUTOS = YES;
				GCC_WARN_UNUSED_VARIABLE = YES;
				IPHONEOS_DEPLOYMENT_TARGET = 9.2;
				SDKROOT = iphoneos;
				VALIDATE_PRODUCT = YES;
			};
			name = ReleaseWithAssertsUnitTests;
		};
		DEE915D01722DE520085F570 /* Debug */ = {
			isa = XCBuildConfiguration;
			buildSettings = {
				ALWAYS_SEARCH_USER_PATHS = NO;
				CLANG_CXX_LANGUAGE_STANDARD = "c++0x";
				CLANG_CXX_LIBRARY = "libc++";
				CLANG_ENABLE_OBJC_ARC = YES;
				CLANG_WARN_CONSTANT_CONVERSION = YES;
				CLANG_WARN_EMPTY_BODY = YES;
				CLANG_WARN_ENUM_CONVERSION = YES;
				CLANG_WARN_INT_CONVERSION = YES;
				CLANG_WARN__DUPLICATE_METHOD_MATCH = YES;
				"CODE_SIGN_IDENTITY[sdk=iphoneos*]" = "iPhone Developer";
				COPY_PHASE_STRIP = NO;
				ENABLE_TESTABILITY = YES;
				GCC_C_LANGUAGE_STANDARD = c99;
				GCC_DYNAMIC_NO_PIC = NO;
				GCC_OPTIMIZATION_LEVEL = 0;
				GCC_PREPROCESSOR_DEFINITIONS = (
					"DEBUG=1",
					"$(inherited)",
				);
				GCC_SYMBOLS_PRIVATE_EXTERN = NO;
				GCC_WARN_ABOUT_RETURN_TYPE = YES;
				GCC_WARN_UNINITIALIZED_AUTOS = YES;
				GCC_WARN_UNUSED_VARIABLE = YES;
				IPHONEOS_DEPLOYMENT_TARGET = 9.2;
				ONLY_ACTIVE_ARCH = YES;
				SDKROOT = iphoneos;
			};
			name = Debug;
		};
		DEE915D11722DE520085F570 /* Release */ = {
			isa = XCBuildConfiguration;
			buildSettings = {
				ALWAYS_SEARCH_USER_PATHS = NO;
				CLANG_CXX_LANGUAGE_STANDARD = "c++0x";
				CLANG_CXX_LIBRARY = "libc++";
				CLANG_ENABLE_OBJC_ARC = YES;
				CLANG_WARN_CONSTANT_CONVERSION = YES;
				CLANG_WARN_EMPTY_BODY = YES;
				CLANG_WARN_ENUM_CONVERSION = YES;
				CLANG_WARN_INT_CONVERSION = YES;
				CLANG_WARN__DUPLICATE_METHOD_MATCH = YES;
				"CODE_SIGN_IDENTITY[sdk=iphoneos*]" = "iPhone Developer";
				COPY_PHASE_STRIP = YES;
				GCC_C_LANGUAGE_STANDARD = c99;
				GCC_PREPROCESSOR_DEFINITIONS = (
					"$(inherited)",
					"NS_BLOCK_ASSERTIONS=1",
					NDEBUG,
				);
				GCC_WARN_ABOUT_RETURN_TYPE = YES;
				GCC_WARN_UNINITIALIZED_AUTOS = YES;
				GCC_WARN_UNUSED_VARIABLE = YES;
				IPHONEOS_DEPLOYMENT_TARGET = 9.2;
				SDKROOT = iphoneos;
				VALIDATE_PRODUCT = YES;
			};
			name = Release;
		};
		DEE915EC1722DF480085F570 /* ReleaseWithAsserts */ = {
			isa = XCBuildConfiguration;
			buildSettings = {
				ALWAYS_SEARCH_USER_PATHS = NO;
				CLANG_CXX_LANGUAGE_STANDARD = "c++0x";
				CLANG_CXX_LIBRARY = "libc++";
				CLANG_ENABLE_OBJC_ARC = YES;
				CLANG_WARN_CONSTANT_CONVERSION = YES;
				CLANG_WARN_EMPTY_BODY = YES;
				CLANG_WARN_ENUM_CONVERSION = YES;
				CLANG_WARN_INT_CONVERSION = YES;
				CLANG_WARN__DUPLICATE_METHOD_MATCH = YES;
				"CODE_SIGN_IDENTITY[sdk=iphoneos*]" = "iPhone Developer";
				COPY_PHASE_STRIP = YES;
				GCC_C_LANGUAGE_STANDARD = c99;
				GCC_PREPROCESSOR_DEFINITIONS = (
					"$(inherited)",
					VERIFY_DEALLOC,
				);
				GCC_WARN_ABOUT_RETURN_TYPE = YES;
				GCC_WARN_UNINITIALIZED_AUTOS = YES;
				GCC_WARN_UNUSED_VARIABLE = YES;
				IPHONEOS_DEPLOYMENT_TARGET = 9.2;
				SDKROOT = iphoneos;
				VALIDATE_PRODUCT = YES;
			};
			name = ReleaseWithAsserts;
		};
/* End XCBuildConfiguration section */

/* Begin XCConfigurationList section */
		DE6D446819B623C100159316 /* Build configuration list for PBXNativeTarget "FECWF For iOS8" */ = {
			isa = XCConfigurationList;
			buildConfigurations = (
				DE6D446919B623C100159316 /* Debug */,
				DE6D446A19B623C100159316 /* Release */,
				DE6D446B19B623C100159316 /* ReleaseWithAsserts */,
				DE6D446C19B623C100159316 /* ReleaseWithAssertsUnitTests */,
			);
			defaultConfigurationIsVisible = 0;
			defaultConfigurationName = Release;
		};
		DE6D447F19B623D600159316 /* Build configuration list for PBXNativeTarget "FECWF iOS8 Tests" */ = {
			isa = XCConfigurationList;
			buildConfigurations = (
				DE6D448019B623D600159316 /* Debug */,
				DE6D448119B623D600159316 /* Release */,
				DE6D448219B623D600159316 /* ReleaseWithAsserts */,
				DE6D448319B623D600159316 /* ReleaseWithAssertsUnitTests */,
			);
			defaultConfigurationIsVisible = 0;
			defaultConfigurationName = Release;
		};
		DEE915951722DE520085F570 /* Build configuration list for PBXProject "FastEasyConcurrentWebFetches" */ = {
			isa = XCConfigurationList;
			buildConfigurations = (
				DEE915D01722DE520085F570 /* Debug */,
				DEE915D11722DE520085F570 /* Release */,
				DEE915EC1722DF480085F570 /* ReleaseWithAsserts */,
				DE956F431729C0500026179D /* ReleaseWithAssertsUnitTests */,
			);
			defaultConfigurationIsVisible = 0;
			defaultConfigurationName = Release;
		};
/* End XCConfigurationList section */
	};
	rootObject = DEE915921722DE520085F570 /* Project object */;
}
